{
  "version": 4,
  "terraform_version": "0.12.21",
  "serial": 129,
  "lineage": "cbffdbde-e37e-8172-d113-88dcd1ddd5de",
  "outputs": {},
  "resources": [
    {
      "mode": "data",
      "type": "aws_caller_identity",
      "name": "current",
      "provider": "provider.aws",
      "instances": [
        {
          "schema_version": 0,
          "attributes": {
            "account_id": "637423312381",
            "arn": "arn:aws:iam::637423312381:user/movie_shop_dev_linux",
            "id": "637423312381",
            "user_id": "AIDAZI2LD3X6X3Y3EFSV4"
          }
        }
      ]
    },
    {
      "module": "module.merchantavaliation",
      "mode": "managed",
      "type": "aws_dynamodb_table",
      "name": "movieshop-merchantavaliation",
      "provider": "provider.aws",
      "instances": [
        {
          "schema_version": 1,
          "attributes": {
            "arn": "arn:aws:dynamodb:eu-central-1:637423312381:table/movieshop-nl-dev-dynamo-merchantavaliation-table",
            "attribute": [
              {
                "name": "id",
                "type": "S"
              }
            ],
            "billing_mode": "PROVISIONED",
            "global_secondary_index": [],
            "hash_key": "id",
            "id": "movieshop-nl-dev-dynamo-merchantavaliation-table",
            "local_secondary_index": [],
            "name": "movieshop-nl-dev-dynamo-merchantavaliation-table",
            "point_in_time_recovery": [
              {
                "enabled": false
              }
            ],
            "range_key": null,
            "read_capacity": 1,
            "replica": [],
            "server_side_encryption": [],
            "stream_arn": "",
            "stream_enabled": false,
            "stream_label": "",
            "stream_view_type": "",
            "tags": {},
            "timeouts": null,
            "ttl": [
              {
                "attribute_name": "",
                "enabled": false
              }
            ],
            "write_capacity": 1
          },
          "private": "eyJlMmJmYjczMC1lY2FhLTExZTYtOGY4OC0zNDM2M2JjN2M0YzAiOnsiY3JlYXRlIjoxMjAwMDAwMDAwMDAwLCJkZWxldGUiOjYwMDAwMDAwMDAwMCwidXBkYXRlIjozNjAwMDAwMDAwMDAwfSwic2NoZW1hX3ZlcnNpb24iOiIxIn0="
        }
      ]
    },
    {
      "module": "module.merchants",
      "mode": "managed",
      "type": "aws_dynamodb_table",
      "name": "movieshop-merchants",
      "provider": "provider.aws",
      "instances": [
        {
          "schema_version": 1,
          "attributes": {
            "arn": "arn:aws:dynamodb:eu-central-1:637423312381:table/movieshop-nl-dev-dynamo-merchants-table",
            "attribute": [
              {
                "name": "id",
                "type": "S"
              }
            ],
            "billing_mode": "PROVISIONED",
            "global_secondary_index": [],
            "hash_key": "id",
            "id": "movieshop-nl-dev-dynamo-merchants-table",
            "local_secondary_index": [],
            "name": "movieshop-nl-dev-dynamo-merchants-table",
            "point_in_time_recovery": [
              {
                "enabled": false
              }
            ],
            "range_key": null,
            "read_capacity": 1,
            "replica": [],
            "server_side_encryption": [],
            "stream_arn": "arn:aws:dynamodb:eu-central-1:637423312381:table/movieshop-nl-dev-dynamo-merchants-table/stream/2024-05-05T20:27:30.939",
            "stream_enabled": true,
            "stream_label": "2024-05-05T20:27:30.939",
            "stream_view_type": "NEW_AND_OLD_IMAGES",
            "tags": null,
            "timeouts": null,
            "ttl": [
              {
                "attribute_name": "",
                "enabled": false
              }
            ],
            "write_capacity": 1
          },
          "private": "eyJlMmJmYjczMC1lY2FhLTExZTYtOGY4OC0zNDM2M2JjN2M0YzAiOnsiY3JlYXRlIjoxMjAwMDAwMDAwMDAwLCJkZWxldGUiOjYwMDAwMDAwMDAwMCwidXBkYXRlIjozNjAwMDAwMDAwMDAwfSwic2NoZW1hX3ZlcnNpb24iOiIxIn0="
        }
      ]
    },
    {
      "module": "module.merchantvisualproduction",
      "mode": "managed",
      "type": "aws_dynamodb_table",
      "name": "movieshop-merchantvisualproduction",
      "provider": "provider.aws",
      "instances": [
        {
          "schema_version": 1,
          "attributes": {
            "arn": "arn:aws:dynamodb:eu-central-1:637423312381:table/movieshop-nl-dev-dynamo-merchantvisualproduction-table",
            "attribute": [
              {
                "name": "id",
                "type": "S"
              }
            ],
            "billing_mode": "PROVISIONED",
            "global_secondary_index": [],
            "hash_key": "id",
            "id": "movieshop-nl-dev-dynamo-merchantvisualproduction-table",
            "local_secondary_index": [],
            "name": "movieshop-nl-dev-dynamo-merchantvisualproduction-table",
            "point_in_time_recovery": [
              {
                "enabled": false
              }
            ],
            "range_key": null,
            "read_capacity": 1,
            "replica": [],
            "server_side_encryption": [],
            "stream_arn": "arn:aws:dynamodb:eu-central-1:637423312381:table/movieshop-nl-dev-dynamo-merchantvisualproduction-table/stream/2024-05-05T17:09:43.625",
            "stream_enabled": true,
            "stream_label": "2024-05-05T17:09:43.625",
            "stream_view_type": "NEW_AND_OLD_IMAGES",
            "tags": {},
            "timeouts": null,
            "ttl": [
              {
                "attribute_name": "",
                "enabled": false
              }
            ],
            "write_capacity": 1
          },
          "private": "eyJlMmJmYjczMC1lY2FhLTExZTYtOGY4OC0zNDM2M2JjN2M0YzAiOnsiY3JlYXRlIjoxMjAwMDAwMDAwMDAwLCJkZWxldGUiOjYwMDAwMDAwMDAwMCwidXBkYXRlIjozNjAwMDAwMDAwMDAwfSwic2NoZW1hX3ZlcnNpb24iOiIxIn0="
        }
      ]
    },
    {
      "module": "module.movieshopfees",
      "mode": "managed",
      "type": "aws_dynamodb_table",
      "name": "movieshop-movieshopfees",
      "provider": "provider.aws",
      "instances": [
        {
          "schema_version": 1,
          "attributes": {
            "arn": "arn:aws:dynamodb:eu-central-1:637423312381:table/movieshop-nl-dev-dynamo-movieshopfees-table",
            "attribute": [
              {
                "name": "id",
                "type": "S"
              }
            ],
            "billing_mode": "PROVISIONED",
            "global_secondary_index": [],
            "hash_key": "id",
            "id": "movieshop-nl-dev-dynamo-movieshopfees-table",
            "local_secondary_index": [],
            "name": "movieshop-nl-dev-dynamo-movieshopfees-table",
            "point_in_time_recovery": [
              {
                "enabled": false
              }
            ],
            "range_key": null,
            "read_capacity": 1,
            "replica": [],
            "server_side_encryption": [],
            "stream_arn": "",
            "stream_enabled": false,
            "stream_label": "",
            "stream_view_type": "",
            "tags": {},
            "timeouts": null,
            "ttl": [
              {
                "attribute_name": "",
                "enabled": false
              }
            ],
            "write_capacity": 1
          },
          "private": "eyJlMmJmYjczMC1lY2FhLTExZTYtOGY4OC0zNDM2M2JjN2M0YzAiOnsiY3JlYXRlIjoxMjAwMDAwMDAwMDAwLCJkZWxldGUiOjYwMDAwMDAwMDAwMCwidXBkYXRlIjozNjAwMDAwMDAwMDAwfSwic2NoZW1hX3ZlcnNpb24iOiIxIn0="
        }
      ]
    },
    {
      "module": "module.orders",
      "mode": "managed",
      "type": "aws_dynamodb_table",
      "name": "movieshop-orders",
      "provider": "provider.aws",
      "instances": [
        {
          "schema_version": 1,
          "attributes": {
            "arn": "arn:aws:dynamodb:eu-central-1:637423312381:table/movieshop-nl-dev-dynamo-orders-table",
            "attribute": [
              {
                "name": "id",
                "type": "S"
              }
            ],
            "billing_mode": "PROVISIONED",
            "global_secondary_index": [],
            "hash_key": "id",
            "id": "movieshop-nl-dev-dynamo-orders-table",
            "local_secondary_index": [],
            "name": "movieshop-nl-dev-dynamo-orders-table",
            "point_in_time_recovery": [
              {
                "enabled": false
              }
            ],
            "range_key": null,
            "read_capacity": 1,
            "replica": [],
            "server_side_encryption": [],
            "stream_arn": "arn:aws:dynamodb:eu-central-1:637423312381:table/movieshop-nl-dev-dynamo-orders-table/stream/2024-05-05T17:09:43.628",
            "stream_enabled": true,
            "stream_label": "2024-05-05T17:09:43.628",
            "stream_view_type": "NEW_AND_OLD_IMAGES",
            "tags": {},
            "timeouts": null,
            "ttl": [
              {
                "attribute_name": "",
                "enabled": false
              }
            ],
            "write_capacity": 1
          },
          "private": "eyJlMmJmYjczMC1lY2FhLTExZTYtOGY4OC0zNDM2M2JjN2M0YzAiOnsiY3JlYXRlIjoxMjAwMDAwMDAwMDAwLCJkZWxldGUiOjYwMDAwMDAwMDAwMCwidXBkYXRlIjozNjAwMDAwMDAwMDAwfSwic2NoZW1hX3ZlcnNpb24iOiIxIn0="
        }
      ]
    },
    {
      "module": "module.pendentorders",
      "mode": "managed",
      "type": "aws_dynamodb_table",
      "name": "movieshop-pendentorders",
      "provider": "provider.aws",
      "instances": [
        {
          "schema_version": 1,
          "attributes": {
            "arn": "arn:aws:dynamodb:eu-central-1:637423312381:table/movieshop-nl-dev-dynamo-pendentorders-table",
            "attribute": [
              {
                "name": "id",
                "type": "S"
              }
            ],
            "billing_mode": "PROVISIONED",
            "global_secondary_index": [],
            "hash_key": "id",
            "id": "movieshop-nl-dev-dynamo-pendentorders-table",
            "local_secondary_index": [],
            "name": "movieshop-nl-dev-dynamo-pendentorders-table",
            "point_in_time_recovery": [
              {
                "enabled": false
              }
            ],
            "range_key": null,
            "read_capacity": 1,
            "replica": [],
            "server_side_encryption": [],
            "stream_arn": "",
            "stream_enabled": false,
            "stream_label": "",
            "stream_view_type": "",
            "tags": {},
            "timeouts": null,
            "ttl": [
              {
                "attribute_name": "",
                "enabled": false
              }
            ],
            "write_capacity": 1
          },
          "private": "eyJlMmJmYjczMC1lY2FhLTExZTYtOGY4OC0zNDM2M2JjN2M0YzAiOnsiY3JlYXRlIjoxMjAwMDAwMDAwMDAwLCJkZWxldGUiOjYwMDAwMDAwMDAwMCwidXBkYXRlIjozNjAwMDAwMDAwMDAwfSwic2NoZW1hX3ZlcnNpb24iOiIxIn0="
        }
      ]
    },
    {
      "module": "module.probs",
      "mode": "managed",
      "type": "aws_dynamodb_table",
      "name": "movieshop-probs",
      "provider": "provider.aws",
      "instances": [
        {
          "schema_version": 1,
          "attributes": {
            "arn": "arn:aws:dynamodb:eu-central-1:637423312381:table/movieshop-nl-dev-dynamo-movieshop-table",
            "attribute": [
              {
                "name": "id",
                "type": "S"
              }
            ],
            "billing_mode": "PROVISIONED",
            "global_secondary_index": [],
            "hash_key": "id",
            "id": "movieshop-nl-dev-dynamo-movieshop-table",
            "local_secondary_index": [],
            "name": "movieshop-nl-dev-dynamo-movieshop-table",
            "point_in_time_recovery": [
              {
                "enabled": false
              }
            ],
            "range_key": null,
            "read_capacity": 1,
            "replica": [],
            "server_side_encryption": [],
            "stream_arn": "",
            "stream_enabled": false,
            "stream_label": "",
            "stream_view_type": "",
            "tags": {},
            "timeouts": null,
            "ttl": [
              {
                "attribute_name": "",
                "enabled": false
              }
            ],
            "write_capacity": 1
          },
          "private": "eyJlMmJmYjczMC1lY2FhLTExZTYtOGY4OC0zNDM2M2JjN2M0YzAiOnsiY3JlYXRlIjoxMjAwMDAwMDAwMDAwLCJkZWxldGUiOjYwMDAwMDAwMDAwMCwidXBkYXRlIjozNjAwMDAwMDAwMDAwfSwic2NoZW1hX3ZlcnNpb24iOiIxIn0="
        }
      ]
    },
    {
      "module": "module.productavaliation",
      "mode": "managed",
      "type": "aws_dynamodb_table",
      "name": "movieshop-productavaliation",
      "provider": "provider.aws",
      "instances": [
        {
          "schema_version": 1,
          "attributes": {
            "arn": "arn:aws:dynamodb:eu-central-1:637423312381:table/movieshop-nl-dev-dynamo-productavaliation-table",
            "attribute": [
              {
                "name": "id",
                "type": "S"
              }
            ],
            "billing_mode": "PROVISIONED",
            "global_secondary_index": [],
            "hash_key": "id",
            "id": "movieshop-nl-dev-dynamo-productavaliation-table",
            "local_secondary_index": [],
            "name": "movieshop-nl-dev-dynamo-productavaliation-table",
            "point_in_time_recovery": [
              {
                "enabled": false
              }
            ],
            "range_key": null,
            "read_capacity": 1,
            "replica": [],
            "server_side_encryption": [],
            "stream_arn": "",
            "stream_enabled": false,
            "stream_label": "",
            "stream_view_type": "",
            "tags": {},
            "timeouts": null,
            "ttl": [
              {
                "attribute_name": "",
                "enabled": false
              }
            ],
            "write_capacity": 1
          },
          "private": "eyJlMmJmYjczMC1lY2FhLTExZTYtOGY4OC0zNDM2M2JjN2M0YzAiOnsiY3JlYXRlIjoxMjAwMDAwMDAwMDAwLCJkZWxldGUiOjYwMDAwMDAwMDAwMCwidXBkYXRlIjozNjAwMDAwMDAwMDAwfSwic2NoZW1hX3ZlcnNpb24iOiIxIn0="
        }
      ]
    },
    {
      "module": "module.products",
      "mode": "managed",
      "type": "aws_dynamodb_table",
      "name": "movieshop-products",
      "provider": "provider.aws",
      "instances": [
        {
          "schema_version": 1,
          "attributes": {
            "arn": "arn:aws:dynamodb:eu-central-1:637423312381:table/movieshop-nl-dev-dynamo-products-table",
            "attribute": [
              {
                "name": "id",
                "type": "S"
              }
            ],
            "billing_mode": "PROVISIONED",
            "global_secondary_index": [],
            "hash_key": "id",
            "id": "movieshop-nl-dev-dynamo-products-table",
            "local_secondary_index": [],
            "name": "movieshop-nl-dev-dynamo-products-table",
            "point_in_time_recovery": [
              {
                "enabled": false
              }
            ],
            "range_key": null,
            "read_capacity": 1,
            "replica": [],
            "server_side_encryption": [],
            "stream_arn": "",
            "stream_enabled": false,
            "stream_label": "",
            "stream_view_type": "",
            "tags": {},
            "timeouts": null,
            "ttl": [
              {
                "attribute_name": "",
                "enabled": false
              }
            ],
            "write_capacity": 1
          },
          "private": "eyJlMmJmYjczMC1lY2FhLTExZTYtOGY4OC0zNDM2M2JjN2M0YzAiOnsiY3JlYXRlIjoxMjAwMDAwMDAwMDAwLCJkZWxldGUiOjYwMDAwMDAwMDAwMCwidXBkYXRlIjozNjAwMDAwMDAwMDAwfSwic2NoZW1hX3ZlcnNpb24iOiIxIn0="
        }
      ]
    },
    {
      "module": "module.useravaliation",
      "mode": "managed",
      "type": "aws_dynamodb_table",
      "name": "movieshop-useravaliation",
      "provider": "provider.aws",
      "instances": [
        {
          "schema_version": 1,
          "attributes": {
            "arn": "arn:aws:dynamodb:eu-central-1:637423312381:table/movieshop-nl-dev-dynamo-useravaliation-table",
            "attribute": [
              {
                "name": "id",
                "type": "S"
              }
            ],
            "billing_mode": "PROVISIONED",
            "global_secondary_index": [],
            "hash_key": "id",
            "id": "movieshop-nl-dev-dynamo-useravaliation-table",
            "local_secondary_index": [],
            "name": "movieshop-nl-dev-dynamo-useravaliation-table",
            "point_in_time_recovery": [
              {
                "enabled": false
              }
            ],
            "range_key": null,
            "read_capacity": 1,
            "replica": [],
            "server_side_encryption": [],
            "stream_arn": "",
            "stream_enabled": false,
            "stream_label": "",
            "stream_view_type": "",
            "tags": {},
            "timeouts": null,
            "ttl": [
              {
                "attribute_name": "",
                "enabled": false
              }
            ],
            "write_capacity": 1
          },
          "private": "eyJlMmJmYjczMC1lY2FhLTExZTYtOGY4OC0zNDM2M2JjN2M0YzAiOnsiY3JlYXRlIjoxMjAwMDAwMDAwMDAwLCJkZWxldGUiOjYwMDAwMDAwMDAwMCwidXBkYXRlIjozNjAwMDAwMDAwMDAwfSwic2NoZW1hX3ZlcnNpb24iOiIxIn0="
        }
      ]
    },
    {
      "module": "module.users",
      "mode": "managed",
      "type": "aws_dynamodb_table",
      "name": "movieshop-users",
      "provider": "provider.aws",
      "instances": [
        {
          "schema_version": 1,
          "attributes": {
            "arn": "arn:aws:dynamodb:eu-central-1:637423312381:table/movieshop-nl-dev-dynamo-users-table",
            "attribute": [
              {
                "name": "id",
                "type": "S"
              }
            ],
            "billing_mode": "PROVISIONED",
            "global_secondary_index": [],
            "hash_key": "id",
            "id": "movieshop-nl-dev-dynamo-users-table",
            "local_secondary_index": [],
            "name": "movieshop-nl-dev-dynamo-users-table",
            "point_in_time_recovery": [
              {
                "enabled": false
              }
            ],
            "range_key": null,
            "read_capacity": 1,
            "replica": [],
            "server_side_encryption": [],
            "stream_arn": "",
            "stream_enabled": false,
            "stream_label": "",
            "stream_view_type": "",
            "tags": {},
            "timeouts": null,
            "ttl": [
              {
                "attribute_name": "",
                "enabled": false
              }
            ],
            "write_capacity": 1
          },
          "private": "eyJlMmJmYjczMC1lY2FhLTExZTYtOGY4OC0zNDM2M2JjN2M0YzAiOnsiY3JlYXRlIjoxMjAwMDAwMDAwMDAwLCJkZWxldGUiOjYwMDAwMDAwMDAwMCwidXBkYXRlIjozNjAwMDAwMDAwMDAwfSwic2NoZW1hX3ZlcnNpb24iOiIxIn0="
        }
      ]
    },
    {
      "module": "module.visualproductions",
      "mode": "managed",
      "type": "aws_dynamodb_table",
      "name": "movieshop-visualproductions",
      "provider": "provider.aws",
      "instances": [
        {
          "schema_version": 1,
          "attributes": {
            "arn": "arn:aws:dynamodb:eu-central-1:637423312381:table/movieshop-nl-dev-dynamo-visualproductions-table",
            "attribute": [
              {
                "name": "id",
                "type": "S"
              }
            ],
            "billing_mode": "PROVISIONED",
            "global_secondary_index": [],
            "hash_key": "id",
            "id": "movieshop-nl-dev-dynamo-visualproductions-table",
            "local_secondary_index": [],
            "name": "movieshop-nl-dev-dynamo-visualproductions-table",
            "point_in_time_recovery": [
              {
                "enabled": false
              }
            ],
            "range_key": null,
            "read_capacity": 1,
            "replica": [],
            "server_side_encryption": [],
            "stream_arn": "",
            "stream_enabled": false,
            "stream_label": "",
            "stream_view_type": "",
            "tags": {},
            "timeouts": null,
            "ttl": [
              {
                "attribute_name": "",
                "enabled": false
              }
            ],
            "write_capacity": 1
          },
          "private": "eyJlMmJmYjczMC1lY2FhLTExZTYtOGY4OC0zNDM2M2JjN2M0YzAiOnsiY3JlYXRlIjoxMjAwMDAwMDAwMDAwLCJkZWxldGUiOjYwMDAwMDAwMDAwMCwidXBkYXRlIjozNjAwMDAwMDAwMDAwfSwic2NoZW1hX3ZlcnNpb24iOiIxIn0="
        }
      ]
    },
    {
      "module": "module.merchant_notifications",
      "mode": "managed",
      "type": "aws_iam_policy",
      "name": "movieshop_iam_policy_read_merchant_queue",
      "provider": "provider.aws",
      "instances": [
        {
          "schema_version": 0,
          "attributes": {
            "arn": "arn:aws:iam::637423312381:policy/movieshop-nl-dev-movieshop-iam-policy-read-merchant-queue",
            "description": "Policies para read merchant queue lambda",
            "id": "arn:aws:iam::637423312381:policy/movieshop-nl-dev-movieshop-iam-policy-read-merchant-queue",
            "name": "movieshop-nl-dev-movieshop-iam-policy-read-merchant-queue",
            "name_prefix": null,
            "path": "/",
            "policy": "{\n  \"Version\": \"2012-10-17\",\n  \"Statement\": [\n    {\n      \"Action\": [\n        \"dynamodb:PutItem\",\n        \"dynamodb:Query\",\n        \"dynamodb:Scan\",\n        \"dynamodb:GetItem\",\n        \"dynamodb:UpdateItem\",\n        \"dynamodb:DeleteItem\",\n        \"logs:CreateLogGroup\",\n        \"logs:CreateLogStream\",\n        \"logs:PutLogEvents\"\n      ],\n      \"Effect\": \"Allow\",\n      \"Resource\": \"*\"\n    },\n    {\n      \"Action\": [\n        \"logs:CreateLogGroup\",\n        \"logs:CreateLogStream\",\n        \"logs:PutLogEvents\"\n      ],\n      \"Effect\": \"Allow\",\n      \"Resource\": \"*\"\n    },\n        {\n      \"Action\": [\n        \"sqs:ReceiveMessage\",\n        \"sqs:DeleteMessage\",\n        \"sqs:GetQueueAttributes\"\n      ],\n      \"Effect\": \"Allow\",\n      \"Resource\": \"*\"\n    }\n\n  ]\n}\n",
            "policy_id": "ANPAZI2LD3X6RBQLALCVM",
            "tags": {}
          },
          "private": "bnVsbA=="
        }
      ]
    },
    {
      "module": "module.merchantvisualproduction_notifications",
      "mode": "managed",
      "type": "aws_iam_policy",
      "name": "movieshop_iam_policy_read_merchantvisualproduction_queue",
      "provider": "provider.aws",
      "instances": [
        {
          "schema_version": 0,
          "attributes": {
            "arn": "arn:aws:iam::637423312381:policy/movieshop-nl-dev-movieshop-iam-policy-read-merchantvisualproduction-queue",
            "description": "Policies para read merchantvisualproduction queue lambda",
            "id": "arn:aws:iam::637423312381:policy/movieshop-nl-dev-movieshop-iam-policy-read-merchantvisualproduction-queue",
            "name": "movieshop-nl-dev-movieshop-iam-policy-read-merchantvisualproduction-queue",
            "name_prefix": null,
            "path": "/",
            "policy": "{\n  \"Version\": \"2012-10-17\",\n  \"Statement\": [\n    {\n      \"Action\": [\n        \"dynamodb:PutItem\",\n        \"dynamodb:Query\",\n        \"dynamodb:Scan\",\n        \"dynamodb:GetItem\",\n        \"dynamodb:UpdateItem\",\n        \"dynamodb:DeleteItem\",\n        \"logs:CreateLogGroup\",\n        \"logs:CreateLogStream\",\n        \"logs:PutLogEvents\"\n      ],\n      \"Effect\": \"Allow\",\n      \"Resource\": \"*\"\n    },\n    {\n      \"Action\": [\n        \"logs:CreateLogGroup\",\n        \"logs:CreateLogStream\",\n        \"logs:PutLogEvents\"\n      ],\n      \"Effect\": \"Allow\",\n      \"Resource\": \"*\"\n    },\n        {\n      \"Action\": [\n        \"sqs:ReceiveMessage\",\n        \"sqs:DeleteMessage\",\n        \"sqs:GetQueueAttributes\"\n      ],\n      \"Effect\": \"Allow\",\n      \"Resource\": \"*\"\n    }\n\n  ]\n}\n",
            "policy_id": "ANPAZI2LD3X6ZEA3JGVB5",
            "tags": {}
          },
          "private": "bnVsbA=="
        }
      ]
    },
    {
      "module": "module.order_notifications",
      "mode": "managed",
      "type": "aws_iam_policy",
      "name": "movieshop_iam_policy_read_order_queue",
      "provider": "provider.aws",
      "instances": [
        {
          "schema_version": 0,
          "attributes": {
            "arn": "arn:aws:iam::637423312381:policy/movieshop-nl-dev-movieshop-iam-policy-read-order-queue",
            "description": "Policies para read order queue lambda",
            "id": "arn:aws:iam::637423312381:policy/movieshop-nl-dev-movieshop-iam-policy-read-order-queue",
            "name": "movieshop-nl-dev-movieshop-iam-policy-read-order-queue",
            "name_prefix": null,
            "path": "/",
            "policy": "{\n  \"Version\": \"2012-10-17\",\n  \"Statement\": [\n    {\n      \"Action\": [\n        \"dynamodb:PutItem\",\n        \"dynamodb:Query\",\n        \"dynamodb:Scan\",\n        \"dynamodb:GetItem\",\n        \"dynamodb:UpdateItem\",\n        \"dynamodb:DeleteItem\",\n        \"logs:CreateLogGroup\",\n        \"logs:CreateLogStream\",\n        \"logs:PutLogEvents\"\n      ],\n      \"Effect\": \"Allow\",\n      \"Resource\": \"*\"\n    },\n    {\n      \"Action\": [\n        \"logs:CreateLogGroup\",\n        \"logs:CreateLogStream\",\n        \"logs:PutLogEvents\"\n      ],\n      \"Effect\": \"Allow\",\n      \"Resource\": \"*\"\n    },\n        {\n      \"Action\": [\n        \"sqs:ReceiveMessage\",\n        \"sqs:DeleteMessage\",\n        \"sqs:GetQueueAttributes\"\n      ],\n      \"Effect\": \"Allow\",\n      \"Resource\": \"*\"\n    }\n\n  ]\n}\n",
            "policy_id": "ANPAZI2LD3X6XTHJJGPZP",
            "tags": {}
          },
          "private": "bnVsbA=="
        }
      ]
    },
    {
      "module": "module.merchantavaliation",
      "mode": "managed",
      "type": "aws_iam_policy",
      "name": "movieshop_merchantavaliation_policy",
      "provider": "provider.aws",
      "instances": [
        {
          "schema_version": 0,
          "attributes": {
            "arn": "arn:aws:iam::637423312381:policy/movieshop-nl-dev-merchantavaliation-policy",
            "description": "Policies for visual merchantavaliation",
            "id": "arn:aws:iam::637423312381:policy/movieshop-nl-dev-merchantavaliation-policy",
            "name": "movieshop-nl-dev-merchantavaliation-policy",
            "name_prefix": null,
            "path": "/",
            "policy": "{\n  \"Version\": \"2012-10-17\",\n  \"Statement\": [\n    {\n      \"Action\": [\n        \"dynamodb:PutItem\",\n        \"dynamodb:Query\",\n        \"dynamodb:Scan\",\n        \"dynamodb:GetItem\",\n        \"dynamodb:UpdateItem\",\n        \"dynamodb:DeleteItem\",\n        \"logs:CreateLogGroup\",\n        \"logs:CreateLogStream\",\n        \"logs:PutLogEvents\"\n      ],\n      \"Effect\": \"Allow\",\n      \"Resource\": \"arn:aws:dynamodb:eu-central-1:637423312381:table/movieshop-nl-dev-dynamo-merchantavaliation-table\"\n    },\n    {\n      \"Action\": [\n        \"logs:CreateLogGroup\",\n        \"logs:CreateLogStream\",\n        \"logs:PutLogEvents\"\n      ],\n      \"Effect\": \"Allow\",\n      \"Resource\": \"*\"\n    },\n    {\n      \"Action\": [\n        \"lambda:InvokeAsync\",\n        \"lambda:InvokeFunction\"\n      ],\n      \"Effect\": \"Allow\",\n      \"Resource\": \"*\"\n    },\n    {\n      \"Action\": [\n        \"ses:VerifyEmailAddress\",\n        \"ses:SendEmail\",\n        \"ses:SendRawEmail\",\n        \"ses:SendTemplatedEmail\",\n        \"ses:SendBounce\"\n      ],\n      \"Effect\": \"Allow\",\n      \"Resource\": \"*\"\n    },\n    {\n      \"Action\": [\n        \"sqs:ChangeMessageVisibility\",\n        \"sqs:ChangeMessageVisibilityBatch\",\n        \"sqs:DeleteMessage\",\n        \"sqs:DeleteMessageBatch\",\n        \"sqs:GetQueueAttributes\",\n        \"sqs:GetQueueUrl\",\n        \"sqs:ReceiveMessage\",\n        \"sqs:SendMessage\",\n        \"sqs:SendMessageBatch\"\n      ],\n      \"Effect\": \"Allow\",\n      \"Resource\": \"*\"\n    }\n  ]\n}\n",
            "policy_id": "ANPAZI2LD3X6SASSD77PK",
            "tags": {}
          },
          "private": "bnVsbA==",
          "dependencies": [
            "module.merchantavaliation.aws_dynamodb_table.movieshop-merchantavaliation"
          ]
        }
      ]
    },
    {
      "module": "module.merchants",
      "mode": "managed",
      "type": "aws_iam_policy",
      "name": "movieshop_merchants_policy",
      "provider": "provider.aws",
      "instances": [
        {
          "schema_version": 0,
          "attributes": {
            "arn": "arn:aws:iam::637423312381:policy/movieshop-nl-dev-merchants-policy",
            "description": "Policies for merchants movieshop",
            "id": "arn:aws:iam::637423312381:policy/movieshop-nl-dev-merchants-policy",
            "name": "movieshop-nl-dev-merchants-policy",
            "name_prefix": null,
            "path": "/",
            "policy": "{\n  \"Version\": \"2012-10-17\",\n  \"Statement\": [\n    {\n      \"Action\": [\n        \"dynamodb:PutItem\",\n        \"dynamodb:Query\",\n        \"dynamodb:Scan\",\n        \"dynamodb:GetItem\",\n        \"dynamodb:UpdateItem\",\n        \"dynamodb:DeleteItem\",\n        \"logs:CreateLogGroup\",\n        \"logs:CreateLogStream\",\n        \"logs:PutLogEvents\"\n      ],\n      \"Effect\": \"Allow\",\n      \"Resource\": \"arn:aws:dynamodb:eu-central-1:637423312381:table/movieshop-nl-dev-dynamo-merchants-table\"\n    },\n    {\n      \"Action\": [\n        \"logs:CreateLogGroup\",\n        \"logs:CreateLogStream\",\n        \"logs:PutLogEvents\"\n      ],\n      \"Effect\": \"Allow\",\n      \"Resource\": \"*\"\n    },\n    {\n      \"Action\": [\n        \"lambda:InvokeAsync\",\n        \"lambda:InvokeFunction\"\n      ],\n      \"Effect\": \"Allow\",\n      \"Resource\": \"*\"\n    },\n    {\n      \"Action\": [\n        \"ses:VerifyEmailAddress\",\n        \"ses:SendEmail\",\n        \"ses:SendRawEmail\",\n        \"ses:SendTemplatedEmail\",\n        \"ses:SendBounce\"\n      ],\n      \"Effect\": \"Allow\",\n      \"Resource\": \"*\"\n    },\n    {\n      \"Action\": [\n        \"sqs:ChangeMessageVisibility\",\n        \"sqs:ChangeMessageVisibilityBatch\",\n        \"sqs:DeleteMessage\",\n        \"sqs:DeleteMessageBatch\",\n        \"sqs:GetQueueAttributes\",\n        \"sqs:GetQueueUrl\",\n        \"sqs:ReceiveMessage\",\n        \"sqs:SendMessage\",\n        \"sqs:SendMessageBatch\"\n      ],\n      \"Effect\": \"Allow\",\n      \"Resource\": \"*\"\n    }\n  ]\n}\n",
            "policy_id": "ANPAZI2LD3X62ALI3ZXDM",
            "tags": null
          },
          "private": "bnVsbA==",
          "dependencies": [
            "module.merchants.aws_dynamodb_table.movieshop-merchants"
          ]
        }
      ]
    },
    {
      "module": "module.merchants",
      "mode": "managed",
      "type": "aws_iam_policy",
      "name": "movieshop_merchants_policy_stream",
      "provider": "provider.aws",
      "instances": [
        {
          "schema_version": 0,
          "attributes": {
            "arn": "arn:aws:iam::637423312381:policy/movieshop-nl-dev-merchants-policy-stream",
            "description": "Policies para streams from movieshop merchants table",
            "id": "arn:aws:iam::637423312381:policy/movieshop-nl-dev-merchants-policy-stream",
            "name": "movieshop-nl-dev-merchants-policy-stream",
            "name_prefix": null,
            "path": "/",
            "policy": "{\n  \"Version\": \"2012-10-17\",\n  \"Statement\": [\n    {\n      \"Action\": [\n        \"dynamodb:DescribeStream\",\n        \"dynamodb:GetRecords\",\n        \"dynamodb:GetShardIterator\",\n        \"dynamodb:ListStreams\"\n      ],\n      \"Effect\": \"Allow\",\n      \"Resource\": \"arn:aws:dynamodb:eu-central-1:637423312381:table/movieshop-nl-dev-dynamo-merchants-table/stream/2024-05-05T20:27:30.939\"\n    },\n    {\n      \"Action\": [\n        \"logs:CreateLogGroup\",\n        \"logs:CreateLogStream\",\n        \"logs:PutLogEvents\"\n      ],\n      \"Effect\": \"Allow\",\n      \"Resource\": \"*\"\n    },\n    {\n      \"Action\": [\n        \"sns:Publish\"\n      ],\n      \"Effect\": \"Allow\",\n      \"Resource\": \"arn:aws:sns:eu-central-1:637423312381:movieshop-nl-dev-merchant-notifications\"\n    }\n\n  ]\n}\n",
            "policy_id": "ANPAZI2LD3X6TPSY32RCG",
            "tags": null
          },
          "private": "bnVsbA==",
          "dependencies": [
            "module.merchant_notifications.aws_sns_topic.movieshop_merchant_notifications",
            "module.merchants.aws_dynamodb_table.movieshop-merchants"
          ]
        }
      ]
    },
    {
      "module": "module.merchantvisualproduction",
      "mode": "managed",
      "type": "aws_iam_policy",
      "name": "movieshop_merchantvisualproduction_policy",
      "provider": "provider.aws",
      "instances": [
        {
          "schema_version": 0,
          "attributes": {
            "arn": "arn:aws:iam::637423312381:policy/movieshop-nl-dev-merchantvisualproduction-policy",
            "description": "Policies for merchantvisualproduction movieshop",
            "id": "arn:aws:iam::637423312381:policy/movieshop-nl-dev-merchantvisualproduction-policy",
            "name": "movieshop-nl-dev-merchantvisualproduction-policy",
            "name_prefix": null,
            "path": "/",
            "policy": "{\n  \"Version\": \"2012-10-17\",\n  \"Statement\": [\n    {\n      \"Action\": [\n        \"dynamodb:PutItem\",\n        \"dynamodb:Query\",\n        \"dynamodb:Scan\",\n        \"dynamodb:GetItem\",\n        \"dynamodb:UpdateItem\",\n        \"dynamodb:DeleteItem\",\n        \"logs:CreateLogGroup\",\n        \"logs:CreateLogStream\",\n        \"logs:PutLogEvents\"\n      ],\n      \"Effect\": \"Allow\",\n      \"Resource\": \"arn:aws:dynamodb:eu-central-1:637423312381:table/movieshop-nl-dev-dynamo-merchantvisualproduction-table\"\n    },\n    {\n      \"Action\": [\n        \"logs:CreateLogGroup\",\n        \"logs:CreateLogStream\",\n        \"logs:PutLogEvents\"\n      ],\n      \"Effect\": \"Allow\",\n      \"Resource\": \"*\"\n    },\n    {\n      \"Action\": [\n        \"lambda:InvokeAsync\",\n        \"lambda:InvokeFunction\"\n      ],\n      \"Effect\": \"Allow\",\n      \"Resource\": \"*\"\n    },\n    {\n      \"Action\": [\n        \"ses:VerifyEmailAddress\",\n        \"ses:SendEmail\",\n        \"ses:SendRawEmail\",\n        \"ses:SendTemplatedEmail\",\n        \"ses:SendBounce\"\n      ],\n      \"Effect\": \"Allow\",\n      \"Resource\": \"*\"\n    },\n    {\n      \"Action\": [\n        \"sqs:ChangeMessageVisibility\",\n        \"sqs:ChangeMessageVisibilityBatch\",\n        \"sqs:DeleteMessage\",\n        \"sqs:DeleteMessageBatch\",\n        \"sqs:GetQueueAttributes\",\n        \"sqs:GetQueueUrl\",\n        \"sqs:ReceiveMessage\",\n        \"sqs:SendMessage\",\n        \"sqs:SendMessageBatch\"\n      ],\n      \"Effect\": \"Allow\",\n      \"Resource\": \"*\"\n    }\n  ]\n}\n",
            "policy_id": "ANPAZI2LD3X63J5LZMLKW",
            "tags": {}
          },
          "private": "bnVsbA==",
          "dependencies": [
            "module.merchantvisualproduction.aws_dynamodb_table.movieshop-merchantvisualproduction"
          ]
        }
      ]
    },
    {
      "module": "module.merchantvisualproduction",
      "mode": "managed",
      "type": "aws_iam_policy",
      "name": "movieshop_merchantvisualproduction_policy_stream",
      "provider": "provider.aws",
      "instances": [
        {
          "schema_version": 0,
          "attributes": {
            "arn": "arn:aws:iam::637423312381:policy/movieshop-nl-dev-merchantvisualproduction-policy-stream",
            "description": "Policies to streams from movieshop merchantvisualproduction table",
            "id": "arn:aws:iam::637423312381:policy/movieshop-nl-dev-merchantvisualproduction-policy-stream",
            "name": "movieshop-nl-dev-merchantvisualproduction-policy-stream",
            "name_prefix": null,
            "path": "/",
            "policy": "{\n  \"Version\": \"2012-10-17\",\n  \"Statement\": [\n    {\n      \"Action\": [\n        \"dynamodb:DescribeStream\",\n        \"dynamodb:GetRecords\",\n        \"dynamodb:GetShardIterator\",\n        \"dynamodb:ListStreams\"\n      ],\n      \"Effect\": \"Allow\",\n      \"Resource\": \"arn:aws:dynamodb:eu-central-1:637423312381:table/movieshop-nl-dev-dynamo-merchantvisualproduction-table/stream/2024-05-05T17:09:43.625\"\n    },\n    {\n      \"Action\": [\n        \"logs:CreateLogGroup\",\n        \"logs:CreateLogStream\",\n        \"logs:PutLogEvents\"\n      ],\n      \"Effect\": \"Allow\",\n      \"Resource\": \"*\"\n    },\n    {\n      \"Action\": [\n        \"sns:Publish\"\n      ],\n      \"Effect\": \"Allow\",\n      \"Resource\": \"arn:aws:sns:eu-central-1:637423312381:movieshop-nl-dev-merchantvisualproduction-notifications\"\n    }\n\n  ]\n}\n",
            "policy_id": "ANPAZI2LD3X6XO4UCOE7I",
            "tags": {}
          },
          "private": "bnVsbA==",
          "dependencies": [
            "module.merchantvisualproduction.aws_dynamodb_table.movieshop-merchantvisualproduction",
            "module.merchantvisualproduction_notifications.aws_sns_topic.movieshop_merchantvisualproduction_notifications"
          ]
        }
      ]
    },
    {
      "module": "module.movieshopfees",
      "mode": "managed",
      "type": "aws_iam_policy",
      "name": "movieshop_movieshopfees_policy",
      "provider": "provider.aws",
      "instances": [
        {
          "schema_version": 0,
          "attributes": {
            "arn": "arn:aws:iam::637423312381:policy/movieshop-nl-dev-movieshopfees-policy",
            "description": "Policies for visual movieshopfees",
            "id": "arn:aws:iam::637423312381:policy/movieshop-nl-dev-movieshopfees-policy",
            "name": "movieshop-nl-dev-movieshopfees-policy",
            "name_prefix": null,
            "path": "/",
            "policy": "{\n  \"Version\": \"2012-10-17\",\n  \"Statement\": [\n    {\n      \"Action\": [\n        \"dynamodb:PutItem\",\n        \"dynamodb:Query\",\n        \"dynamodb:Scan\",\n        \"dynamodb:GetItem\",\n        \"dynamodb:UpdateItem\",\n        \"dynamodb:DeleteItem\",\n        \"logs:CreateLogGroup\",\n        \"logs:CreateLogStream\",\n        \"logs:PutLogEvents\"\n      ],\n      \"Effect\": \"Allow\",\n      \"Resource\": \"arn:aws:dynamodb:eu-central-1:637423312381:table/movieshop-nl-dev-dynamo-movieshopfees-table\"\n    },\n    {\n      \"Action\": [\n        \"logs:CreateLogGroup\",\n        \"logs:CreateLogStream\",\n        \"logs:PutLogEvents\"\n      ],\n      \"Effect\": \"Allow\",\n      \"Resource\": \"*\"\n    },\n    {\n      \"Action\": [\n        \"lambda:InvokeAsync\",\n        \"lambda:InvokeFunction\"\n      ],\n      \"Effect\": \"Allow\",\n      \"Resource\": \"*\"\n    },\n    {\n      \"Action\": [\n        \"ses:VerifyEmailAddress\",\n        \"ses:SendEmail\",\n        \"ses:SendRawEmail\",\n        \"ses:SendTemplatedEmail\",\n        \"ses:SendBounce\"\n      ],\n      \"Effect\": \"Allow\",\n      \"Resource\": \"*\"\n    },\n    {\n      \"Action\": [\n        \"sqs:ChangeMessageVisibility\",\n        \"sqs:ChangeMessageVisibilityBatch\",\n        \"sqs:DeleteMessage\",\n        \"sqs:DeleteMessageBatch\",\n        \"sqs:GetQueueAttributes\",\n        \"sqs:GetQueueUrl\",\n        \"sqs:ReceiveMessage\",\n        \"sqs:SendMessage\",\n        \"sqs:SendMessageBatch\"\n      ],\n      \"Effect\": \"Allow\",\n      \"Resource\": \"*\"\n    }\n  ]\n}\n",
            "policy_id": "ANPAZI2LD3X6WWDGFORVJ",
            "tags": {}
          },
          "private": "bnVsbA==",
          "dependencies": [
            "module.movieshopfees.aws_dynamodb_table.movieshop-movieshopfees"
          ]
        }
      ]
    },
    {
      "module": "module.orders",
      "mode": "managed",
      "type": "aws_iam_policy",
      "name": "movieshop_orders_policy",
      "provider": "provider.aws",
      "instances": [
        {
          "schema_version": 0,
          "attributes": {
            "arn": "arn:aws:iam::637423312381:policy/movieshop-nl-dev-orders-policy",
            "description": "Policies for movieshop orders",
            "id": "arn:aws:iam::637423312381:policy/movieshop-nl-dev-orders-policy",
            "name": "movieshop-nl-dev-orders-policy",
            "name_prefix": null,
            "path": "/",
            "policy": "{\n  \"Version\": \"2012-10-17\",\n  \"Statement\": [\n    {\n      \"Action\": [\n        \"dynamodb:PutItem\",\n        \"dynamodb:Query\",\n        \"dynamodb:Scan\",\n        \"dynamodb:GetItem\",\n        \"dynamodb:UpdateItem\",\n        \"dynamodb:DeleteItem\",\n        \"logs:CreateLogGroup\",\n        \"logs:CreateLogStream\",\n        \"logs:PutLogEvents\"\n      ],\n      \"Effect\": \"Allow\",\n      \"Resource\": \"arn:aws:dynamodb:eu-central-1:637423312381:table/movieshop-nl-dev-dynamo-orders-table\"\n    },\n    {\n      \"Action\": [\n        \"logs:CreateLogGroup\",\n        \"logs:CreateLogStream\",\n        \"logs:PutLogEvents\"\n      ],\n      \"Effect\": \"Allow\",\n      \"Resource\": \"*\"\n    },\n    {\n      \"Action\": [\n        \"lambda:InvokeAsync\",\n        \"lambda:InvokeFunction\"\n      ],\n      \"Effect\": \"Allow\",\n      \"Resource\": \"*\"\n    },\n    {\n      \"Action\": [\n        \"ses:VerifyEmailAddress\",\n        \"ses:SendEmail\",\n        \"ses:SendRawEmail\",\n        \"ses:SendTemplatedEmail\",\n        \"ses:SendBounce\"\n      ],\n      \"Effect\": \"Allow\",\n      \"Resource\": \"*\"\n    },\n    {\n      \"Action\": [\n        \"sqs:ChangeMessageVisibility\",\n        \"sqs:ChangeMessageVisibilityBatch\",\n        \"sqs:DeleteMessage\",\n        \"sqs:DeleteMessageBatch\",\n        \"sqs:GetQueueAttributes\",\n        \"sqs:GetQueueUrl\",\n        \"sqs:ReceiveMessage\",\n        \"sqs:SendMessage\",\n        \"sqs:SendMessageBatch\"\n      ],\n      \"Effect\": \"Allow\",\n      \"Resource\": \"*\"\n    }\n  ]\n}\n",
            "policy_id": "ANPAZI2LD3X66AUFMC4K7",
            "tags": {}
          },
          "private": "bnVsbA==",
          "dependencies": [
            "module.orders.aws_dynamodb_table.movieshop-orders"
          ]
        }
      ]
    },
    {
      "module": "module.orders",
      "mode": "managed",
      "type": "aws_iam_policy",
      "name": "movieshop_orders_policy_stream",
      "provider": "provider.aws",
      "instances": [
        {
          "schema_version": 0,
          "attributes": {
            "arn": "arn:aws:iam::637423312381:policy/movieshop-nl-dev-orders-policy-stream",
            "description": "Policies para streams from movieshop orders table",
            "id": "arn:aws:iam::637423312381:policy/movieshop-nl-dev-orders-policy-stream",
            "name": "movieshop-nl-dev-orders-policy-stream",
            "name_prefix": null,
            "path": "/",
            "policy": "{\n  \"Version\": \"2012-10-17\",\n  \"Statement\": [\n    {\n      \"Action\": [\n        \"dynamodb:DescribeStream\",\n        \"dynamodb:GetRecords\",\n        \"dynamodb:GetShardIterator\",\n        \"dynamodb:ListStreams\"\n      ],\n      \"Effect\": \"Allow\",\n      \"Resource\": \"arn:aws:dynamodb:eu-central-1:637423312381:table/movieshop-nl-dev-dynamo-orders-table/stream/2024-05-05T17:09:43.628\"\n    },\n    {\n      \"Action\": [\n        \"logs:CreateLogGroup\",\n        \"logs:CreateLogStream\",\n        \"logs:PutLogEvents\"\n      ],\n      \"Effect\": \"Allow\",\n      \"Resource\": \"*\"\n    },\n    {\n      \"Action\": [\n        \"sns:Publish\"\n      ],\n      \"Effect\": \"Allow\",\n      \"Resource\": \"arn:aws:sns:eu-central-1:637423312381:movieshop-nl-dev-order-notifications\"\n    }\n\n  ]\n}\n",
            "policy_id": "ANPAZI2LD3X6YBRKKIVVW",
            "tags": {}
          },
          "private": "bnVsbA==",
          "dependencies": [
            "module.order_notifications.aws_sns_topic.movieshop_order_notifications",
            "module.orders.aws_dynamodb_table.movieshop-orders"
          ]
        }
      ]
    },
    {
      "module": "module.pendentorders",
      "mode": "managed",
      "type": "aws_iam_policy",
      "name": "movieshop_pendentorders_policy",
      "provider": "provider.aws",
      "instances": [
        {
          "schema_version": 0,
          "attributes": {
            "arn": "arn:aws:iam::637423312381:policy/movieshop-nl-dev-pendentorders-policy",
            "description": "Policies for visual pendentorders",
            "id": "arn:aws:iam::637423312381:policy/movieshop-nl-dev-pendentorders-policy",
            "name": "movieshop-nl-dev-pendentorders-policy",
            "name_prefix": null,
            "path": "/",
            "policy": "{\n  \"Version\": \"2012-10-17\",\n  \"Statement\": [\n    {\n      \"Action\": [\n        \"dynamodb:PutItem\",\n        \"dynamodb:Query\",\n        \"dynamodb:Scan\",\n        \"dynamodb:GetItem\",\n        \"dynamodb:UpdateItem\",\n        \"dynamodb:DeleteItem\",\n        \"logs:CreateLogGroup\",\n        \"logs:CreateLogStream\",\n        \"logs:PutLogEvents\"\n      ],\n      \"Effect\": \"Allow\",\n      \"Resource\": \"arn:aws:dynamodb:eu-central-1:637423312381:table/movieshop-nl-dev-dynamo-pendentorders-table\"\n    },\n    {\n      \"Action\": [\n        \"logs:CreateLogGroup\",\n        \"logs:CreateLogStream\",\n        \"logs:PutLogEvents\"\n      ],\n      \"Effect\": \"Allow\",\n      \"Resource\": \"*\"\n    },\n    {\n      \"Action\": [\n        \"lambda:InvokeAsync\",\n        \"lambda:InvokeFunction\"\n      ],\n      \"Effect\": \"Allow\",\n      \"Resource\": \"*\"\n    },\n    {\n      \"Action\": [\n        \"ses:VerifyEmailAddress\",\n        \"ses:SendEmail\",\n        \"ses:SendRawEmail\",\n        \"ses:SendTemplatedEmail\",\n        \"ses:SendBounce\"\n      ],\n      \"Effect\": \"Allow\",\n      \"Resource\": \"*\"\n    },\n    {\n      \"Action\": [\n        \"sqs:ChangeMessageVisibility\",\n        \"sqs:ChangeMessageVisibilityBatch\",\n        \"sqs:DeleteMessage\",\n        \"sqs:DeleteMessageBatch\",\n        \"sqs:GetQueueAttributes\",\n        \"sqs:GetQueueUrl\",\n        \"sqs:ReceiveMessage\",\n        \"sqs:SendMessage\",\n        \"sqs:SendMessageBatch\"\n      ],\n      \"Effect\": \"Allow\",\n      \"Resource\": \"*\"\n    }\n  ]\n}\n",
            "policy_id": "ANPAZI2LD3X6YCO4XH7JD",
            "tags": {}
          },
          "private": "bnVsbA==",
          "dependencies": [
            "module.pendentorders.aws_dynamodb_table.movieshop-pendentorders"
          ]
        }
      ]
    },
    {
      "module": "module.probs",
      "mode": "managed",
      "type": "aws_iam_policy",
      "name": "movieshop_probs_policy",
      "provider": "provider.aws",
      "instances": [
        {
          "schema_version": 0,
          "attributes": {
            "arn": "arn:aws:iam::637423312381:policy/movieshop-nl-dev-probs-policy",
            "description": "Policies for movieshops erros",
            "id": "arn:aws:iam::637423312381:policy/movieshop-nl-dev-probs-policy",
            "name": "movieshop-nl-dev-probs-policy",
            "name_prefix": null,
            "path": "/",
            "policy": "{\n  \"Version\": \"2012-10-17\",\n  \"Statement\": [\n    {\n      \"Action\": [\n        \"dynamodb:PutItem\",\n        \"dynamodb:Query\",\n        \"dynamodb:Scan\",\n        \"dynamodb:GetItem\",\n        \"dynamodb:UpdateItem\",\n        \"dynamodb:DeleteItem\",\n        \"logs:CreateLogGroup\",\n        \"logs:CreateLogStream\",\n        \"logs:PutLogEvents\"\n      ],\n      \"Effect\": \"Allow\",\n      \"Resource\": \"arn:aws:dynamodb:eu-central-1:637423312381:table/movieshop-nl-dev-dynamo-movieshop-table\"\n    },\n    {\n      \"Action\": [\n        \"logs:CreateLogGroup\",\n        \"logs:CreateLogStream\",\n        \"logs:PutLogEvents\"\n      ],\n      \"Effect\": \"Allow\",\n      \"Resource\": \"*\"\n    },\n    {\n      \"Action\": [\n        \"lambda:InvokeAsync\",\n        \"lambda:InvokeFunction\"\n      ],\n      \"Effect\": \"Allow\",\n      \"Resource\": \"*\"\n    }\n  ]\n}\n",
            "policy_id": "ANPAZI2LD3X6VCMU5KVCQ",
            "tags": {}
          },
          "private": "bnVsbA==",
          "dependencies": [
            "module.probs.aws_dynamodb_table.movieshop-probs"
          ]
        }
      ]
    },
    {
      "module": "module.productavaliation",
      "mode": "managed",
      "type": "aws_iam_policy",
      "name": "movieshop_productavaliation_policy",
      "provider": "provider.aws",
      "instances": [
        {
          "schema_version": 0,
          "attributes": {
            "arn": "arn:aws:iam::637423312381:policy/movieshop-nl-dev-productavaliation-policy",
            "description": "Policies for visual productavaliation",
            "id": "arn:aws:iam::637423312381:policy/movieshop-nl-dev-productavaliation-policy",
            "name": "movieshop-nl-dev-productavaliation-policy",
            "name_prefix": null,
            "path": "/",
            "policy": "{\n  \"Version\": \"2012-10-17\",\n  \"Statement\": [\n    {\n      \"Action\": [\n        \"dynamodb:PutItem\",\n        \"dynamodb:Query\",\n        \"dynamodb:Scan\",\n        \"dynamodb:GetItem\",\n        \"dynamodb:UpdateItem\",\n        \"dynamodb:DeleteItem\",\n        \"logs:CreateLogGroup\",\n        \"logs:CreateLogStream\",\n        \"logs:PutLogEvents\"\n      ],\n      \"Effect\": \"Allow\",\n      \"Resource\": \"arn:aws:dynamodb:eu-central-1:637423312381:table/movieshop-nl-dev-dynamo-productavaliation-table\"\n    },\n    {\n      \"Action\": [\n        \"logs:CreateLogGroup\",\n        \"logs:CreateLogStream\",\n        \"logs:PutLogEvents\"\n      ],\n      \"Effect\": \"Allow\",\n      \"Resource\": \"*\"\n    },\n    {\n      \"Action\": [\n        \"lambda:InvokeAsync\",\n        \"lambda:InvokeFunction\"\n      ],\n      \"Effect\": \"Allow\",\n      \"Resource\": \"*\"\n    },\n    {\n      \"Action\": [\n        \"ses:VerifyEmailAddress\",\n        \"ses:SendEmail\",\n        \"ses:SendRawEmail\",\n        \"ses:SendTemplatedEmail\",\n        \"ses:SendBounce\"\n      ],\n      \"Effect\": \"Allow\",\n      \"Resource\": \"*\"\n    },\n    {\n      \"Action\": [\n        \"sqs:ChangeMessageVisibility\",\n        \"sqs:ChangeMessageVisibilityBatch\",\n        \"sqs:DeleteMessage\",\n        \"sqs:DeleteMessageBatch\",\n        \"sqs:GetQueueAttributes\",\n        \"sqs:GetQueueUrl\",\n        \"sqs:ReceiveMessage\",\n        \"sqs:SendMessage\",\n        \"sqs:SendMessageBatch\"\n      ],\n      \"Effect\": \"Allow\",\n      \"Resource\": \"*\"\n    }\n  ]\n}\n",
            "policy_id": "ANPAZI2LD3X6RXANWF4TO",
            "tags": {}
          },
          "private": "bnVsbA==",
          "dependencies": [
            "module.productavaliation.aws_dynamodb_table.movieshop-productavaliation"
          ]
        }
      ]
    },
    {
      "module": "module.products",
      "mode": "managed",
      "type": "aws_iam_policy",
      "name": "movieshop_products_policy",
      "provider": "provider.aws",
      "instances": [
        {
          "schema_version": 0,
          "attributes": {
            "arn": "arn:aws:iam::637423312381:policy/movieshop-nl-dev-products-policy",
            "description": "Policies for products movieshop",
            "id": "arn:aws:iam::637423312381:policy/movieshop-nl-dev-products-policy",
            "name": "movieshop-nl-dev-products-policy",
            "name_prefix": null,
            "path": "/",
            "policy": "{\n  \"Version\": \"2012-10-17\",\n  \"Statement\": [\n    {\n      \"Action\": [\n        \"dynamodb:PutItem\",\n        \"dynamodb:Query\",\n        \"dynamodb:Scan\",\n        \"dynamodb:GetItem\",\n        \"dynamodb:UpdateItem\",\n        \"dynamodb:DeleteItem\",\n        \"logs:CreateLogGroup\",\n        \"logs:CreateLogStream\",\n        \"logs:PutLogEvents\"\n      ],\n      \"Effect\": \"Allow\",\n      \"Resource\": \"arn:aws:dynamodb:eu-central-1:637423312381:table/movieshop-nl-dev-dynamo-products-table\"\n    },\n    {\n      \"Action\": [\n        \"logs:CreateLogGroup\",\n        \"logs:CreateLogStream\",\n        \"logs:PutLogEvents\"\n      ],\n      \"Effect\": \"Allow\",\n      \"Resource\": \"*\"\n    },\n    {\n      \"Action\": [\n        \"lambda:InvokeAsync\",\n        \"lambda:InvokeFunction\"\n      ],\n      \"Effect\": \"Allow\",\n      \"Resource\": \"*\"\n    },\n    {\n      \"Action\": [\n        \"ses:VerifyEmailAddress\",\n        \"ses:SendEmail\",\n        \"ses:SendRawEmail\",\n        \"ses:SendTemplatedEmail\",\n        \"ses:SendBounce\"\n      ],\n      \"Effect\": \"Allow\",\n      \"Resource\": \"*\"\n    },\n    {\n      \"Action\": [\n        \"sqs:ChangeMessageVisibility\",\n        \"sqs:ChangeMessageVisibilityBatch\",\n        \"sqs:DeleteMessage\",\n        \"sqs:DeleteMessageBatch\",\n        \"sqs:GetQueueAttributes\",\n        \"sqs:GetQueueUrl\",\n        \"sqs:ReceiveMessage\",\n        \"sqs:SendMessage\",\n        \"sqs:SendMessageBatch\"\n      ],\n      \"Effect\": \"Allow\",\n      \"Resource\": \"*\"\n    }\n  ]\n}\n",
            "policy_id": "ANPAZI2LD3X67RD56MVYZ",
            "tags": {}
          },
          "private": "bnVsbA==",
          "dependencies": [
            "module.products.aws_dynamodb_table.movieshop-products"
          ]
        }
      ]
    },
    {
      "module": "module.useravaliation",
      "mode": "managed",
      "type": "aws_iam_policy",
      "name": "movieshop_useravaliation_policy",
      "provider": "provider.aws",
      "instances": [
        {
          "schema_version": 0,
          "attributes": {
            "arn": "arn:aws:iam::637423312381:policy/movieshop-nl-dev-useravaliation-policy",
            "description": "Policies for visual useravaliation",
            "id": "arn:aws:iam::637423312381:policy/movieshop-nl-dev-useravaliation-policy",
            "name": "movieshop-nl-dev-useravaliation-policy",
            "name_prefix": null,
            "path": "/",
            "policy": "{\n  \"Version\": \"2012-10-17\",\n  \"Statement\": [\n    {\n      \"Action\": [\n        \"dynamodb:PutItem\",\n        \"dynamodb:Query\",\n        \"dynamodb:Scan\",\n        \"dynamodb:GetItem\",\n        \"dynamodb:UpdateItem\",\n        \"dynamodb:DeleteItem\",\n        \"logs:CreateLogGroup\",\n        \"logs:CreateLogStream\",\n        \"logs:PutLogEvents\"\n      ],\n      \"Effect\": \"Allow\",\n      \"Resource\": \"arn:aws:dynamodb:eu-central-1:637423312381:table/movieshop-nl-dev-dynamo-useravaliation-table\"\n    },\n    {\n      \"Action\": [\n        \"logs:CreateLogGroup\",\n        \"logs:CreateLogStream\",\n        \"logs:PutLogEvents\"\n      ],\n      \"Effect\": \"Allow\",\n      \"Resource\": \"*\"\n    },\n    {\n      \"Action\": [\n        \"lambda:InvokeAsync\",\n        \"lambda:InvokeFunction\"\n      ],\n      \"Effect\": \"Allow\",\n      \"Resource\": \"*\"\n    },\n    {\n      \"Action\": [\n        \"ses:VerifyEmailAddress\",\n        \"ses:SendEmail\",\n        \"ses:SendRawEmail\",\n        \"ses:SendTemplatedEmail\",\n        \"ses:SendBounce\"\n      ],\n      \"Effect\": \"Allow\",\n      \"Resource\": \"*\"\n    },\n    {\n      \"Action\": [\n        \"sqs:ChangeMessageVisibility\",\n        \"sqs:ChangeMessageVisibilityBatch\",\n        \"sqs:DeleteMessage\",\n        \"sqs:DeleteMessageBatch\",\n        \"sqs:GetQueueAttributes\",\n        \"sqs:GetQueueUrl\",\n        \"sqs:ReceiveMessage\",\n        \"sqs:SendMessage\",\n        \"sqs:SendMessageBatch\"\n      ],\n      \"Effect\": \"Allow\",\n      \"Resource\": \"*\"\n    }\n  ]\n}\n",
            "policy_id": "ANPAZI2LD3X6SH6Z24RKF",
            "tags": {}
          },
          "private": "bnVsbA==",
          "dependencies": [
            "module.useravaliation.aws_dynamodb_table.movieshop-useravaliation"
          ]
        }
      ]
    },
    {
      "module": "module.users",
      "mode": "managed",
      "type": "aws_iam_policy",
      "name": "movieshop_users_policy",
      "provider": "provider.aws",
      "instances": [
        {
          "schema_version": 0,
          "attributes": {
            "arn": "arn:aws:iam::637423312381:policy/movieshop-nl-dev-users-policy",
            "description": "Policies do usuario movieshop",
            "id": "arn:aws:iam::637423312381:policy/movieshop-nl-dev-users-policy",
            "name": "movieshop-nl-dev-users-policy",
            "name_prefix": null,
            "path": "/",
            "policy": "{\n  \"Version\": \"2012-10-17\",\n  \"Statement\": [\n    {\n      \"Action\": [\n        \"dynamodb:PutItem\",\n        \"dynamodb:Query\",\n        \"dynamodb:Scan\",\n        \"dynamodb:GetItem\",\n        \"dynamodb:UpdateItem\",\n        \"dynamodb:DeleteItem\",\n        \"logs:CreateLogGroup\",\n        \"logs:CreateLogStream\",\n        \"logs:PutLogEvents\"\n      ],\n      \"Effect\": \"Allow\",\n      \"Resource\": \"arn:aws:dynamodb:eu-central-1:637423312381:table/movieshop-nl-dev-dynamo-users-table\"\n    },\n    {\n      \"Action\": [\n        \"logs:CreateLogGroup\",\n        \"logs:CreateLogStream\",\n        \"logs:PutLogEvents\"\n      ],\n      \"Effect\": \"Allow\",\n      \"Resource\": \"*\"\n    },\n    {\n      \"Action\": [\n        \"lambda:InvokeAsync\",\n        \"lambda:InvokeFunction\"\n      ],\n      \"Effect\": \"Allow\",\n      \"Resource\": \"*\"\n    },\n    {\n      \"Action\": [\n        \"ses:VerifyEmailAddress\",\n        \"ses:SendEmail\",\n        \"ses:SendRawEmail\",\n        \"ses:SendTemplatedEmail\",\n        \"ses:SendBounce\"\n      ],\n      \"Effect\": \"Allow\",\n      \"Resource\": \"*\"\n    },\n    {\n      \"Action\": [\n        \"sqs:ChangeMessageVisibility\",\n        \"sqs:ChangeMessageVisibilityBatch\",\n        \"sqs:DeleteMessage\",\n        \"sqs:DeleteMessageBatch\",\n        \"sqs:GetQueueAttributes\",\n        \"sqs:GetQueueUrl\",\n        \"sqs:ReceiveMessage\",\n        \"sqs:SendMessage\",\n        \"sqs:SendMessageBatch\"\n      ],\n      \"Effect\": \"Allow\",\n      \"Resource\": \"*\"\n    }\n  ]\n}\n",
            "policy_id": "ANPAZI2LD3X6WSM5OQ6SN",
            "tags": {}
          },
          "private": "bnVsbA==",
          "dependencies": [
            "module.users.aws_dynamodb_table.movieshop-users"
          ]
        }
      ]
    },
    {
      "module": "module.visualproductions",
      "mode": "managed",
      "type": "aws_iam_policy",
      "name": "movieshop_visualproductions_policy",
      "provider": "provider.aws",
      "instances": [
        {
          "schema_version": 0,
          "attributes": {
            "arn": "arn:aws:iam::637423312381:policy/movieshop-nl-dev-visualproductions-policy",
            "description": "Policies for visual productions",
            "id": "arn:aws:iam::637423312381:policy/movieshop-nl-dev-visualproductions-policy",
            "name": "movieshop-nl-dev-visualproductions-policy",
            "name_prefix": null,
            "path": "/",
            "policy": "{\n  \"Version\": \"2012-10-17\",\n  \"Statement\": [\n    {\n      \"Action\": [\n        \"dynamodb:PutItem\",\n        \"dynamodb:Query\",\n        \"dynamodb:Scan\",\n        \"dynamodb:GetItem\",\n        \"dynamodb:UpdateItem\",\n        \"dynamodb:DeleteItem\",\n        \"logs:CreateLogGroup\",\n        \"logs:CreateLogStream\",\n        \"logs:PutLogEvents\"\n      ],\n      \"Effect\": \"Allow\",\n      \"Resource\": \"arn:aws:dynamodb:eu-central-1:637423312381:table/movieshop-nl-dev-dynamo-visualproductions-table\"\n    },\n    {\n      \"Action\": [\n        \"logs:CreateLogGroup\",\n        \"logs:CreateLogStream\",\n        \"logs:PutLogEvents\"\n      ],\n      \"Effect\": \"Allow\",\n      \"Resource\": \"*\"\n    },\n    {\n      \"Action\": [\n        \"lambda:InvokeAsync\",\n        \"lambda:InvokeFunction\"\n      ],\n      \"Effect\": \"Allow\",\n      \"Resource\": \"*\"\n    },\n    {\n      \"Action\": [\n        \"ses:VerifyEmailAddress\",\n        \"ses:SendEmail\",\n        \"ses:SendRawEmail\",\n        \"ses:SendTemplatedEmail\",\n        \"ses:SendBounce\"\n      ],\n      \"Effect\": \"Allow\",\n      \"Resource\": \"*\"\n    },\n    {\n      \"Action\": [\n        \"sqs:ChangeMessageVisibility\",\n        \"sqs:ChangeMessageVisibilityBatch\",\n        \"sqs:DeleteMessage\",\n        \"sqs:DeleteMessageBatch\",\n        \"sqs:GetQueueAttributes\",\n        \"sqs:GetQueueUrl\",\n        \"sqs:ReceiveMessage\",\n        \"sqs:SendMessage\",\n        \"sqs:SendMessageBatch\"\n      ],\n      \"Effect\": \"Allow\",\n      \"Resource\": \"*\"\n    }\n  ]\n}\n",
            "policy_id": "ANPAZI2LD3X6246ZSGAJU",
            "tags": {}
          },
          "private": "bnVsbA==",
          "dependencies": [
            "module.visualproductions.aws_dynamodb_table.movieshop-visualproductions"
          ]
        }
      ]
    },
    {
      "module": "module.merchant_notifications",
      "mode": "managed",
      "type": "aws_iam_policy_attachment",
      "name": "movieshop_lambda_read_merchant_policy_attachment",
      "provider": "provider.aws",
      "instances": [
        {
          "schema_version": 0,
          "attributes": {
            "groups": [],
            "id": "movieshop-nl-dev-movieshop-lambda-read-merchant-policy-attachment",
            "name": "movieshop-nl-dev-movieshop-lambda-read-merchant-policy-attachment",
            "policy_arn": "arn:aws:iam::637423312381:policy/movieshop-nl-dev-movieshop-iam-policy-read-merchant-queue",
            "roles": [
              "movieshop-nl-dev-movieshop-read-merchants-role"
            ],
            "users": []
          },
          "private": "bnVsbA==",
          "dependencies": [
            "module.merchant_notifications.aws_iam_policy.movieshop_iam_policy_read_merchant_queue",
            "module.merchant_notifications.aws_iam_role.movieshop_read_merchants_role"
          ]
        }
      ]
    },
    {
      "module": "module.merchantvisualproduction_notifications",
      "mode": "managed",
      "type": "aws_iam_policy_attachment",
      "name": "movieshop_lambda_read_merchantvisualproduction_policy_attachment",
      "provider": "provider.aws",
      "instances": [
        {
          "schema_version": 0,
          "attributes": {
            "groups": [],
            "id": "movieshop-nl-dev-movieshop-lambda-read-merchantvisualproduction-policy-attachment",
            "name": "movieshop-nl-dev-movieshop-lambda-read-merchantvisualproduction-policy-attachment",
            "policy_arn": "arn:aws:iam::637423312381:policy/movieshop-nl-dev-movieshop-iam-policy-read-merchantvisualproduction-queue",
            "roles": [
              "movieshop-nl-dev-movieshop-read-merchantvisualproduction-role"
            ],
            "users": []
          },
          "private": "bnVsbA==",
          "dependencies": [
            "module.merchantvisualproduction_notifications.aws_iam_policy.movieshop_iam_policy_read_merchantvisualproduction_queue",
            "module.merchantvisualproduction_notifications.aws_iam_role.movieshop_read_merchantvisualproduction_role"
          ]
        }
      ]
    },
    {
      "module": "module.order_notifications",
      "mode": "managed",
      "type": "aws_iam_policy_attachment",
      "name": "movieshop_lambda_read_order_policy_attachment",
      "provider": "provider.aws",
      "instances": [
        {
          "schema_version": 0,
          "attributes": {
            "groups": [],
            "id": "movieshop-nl-dev-movieshop-lambda-read-order-policy-attachment",
            "name": "movieshop-nl-dev-movieshop-lambda-read-order-policy-attachment",
            "policy_arn": "arn:aws:iam::637423312381:policy/movieshop-nl-dev-movieshop-iam-policy-read-order-queue",
            "roles": [
              "movieshop-nl-dev-movieshop-read-order-role"
            ],
            "users": []
          },
          "private": "bnVsbA==",
          "dependencies": [
            "module.order_notifications.aws_iam_policy.movieshop_iam_policy_read_order_queue",
            "module.order_notifications.aws_iam_role.movieshop_read_order_role"
          ]
        }
      ]
    },
    {
      "module": "module.merchantavaliation",
      "mode": "managed",
      "type": "aws_iam_policy_attachment",
      "name": "movieshop_merchantavaliation_policy_attachment",
      "provider": "provider.aws",
      "instances": [
        {
          "schema_version": 0,
          "attributes": {
            "groups": [],
            "id": "movieshop-nl-dev-merchantavaliation-policy-attachment",
            "name": "movieshop-nl-dev-merchantavaliation-policy-attachment",
            "policy_arn": "arn:aws:iam::637423312381:policy/movieshop-nl-dev-merchantavaliation-policy",
            "roles": [
              "movieshop-nl-dev-merchantavaliation-role"
            ],
            "users": []
          },
          "private": "bnVsbA==",
          "dependencies": [
            "module.merchantavaliation.aws_dynamodb_table.movieshop-merchantavaliation",
            "module.merchantavaliation.aws_iam_policy.movieshop_merchantavaliation_policy",
            "module.merchantavaliation.aws_iam_role.movieshop_merchantavaliation_role"
          ]
        }
      ]
    },
    {
      "module": "module.merchants",
      "mode": "managed",
      "type": "aws_iam_policy_attachment",
      "name": "movieshop_merchants_policy_attachment",
      "provider": "provider.aws",
      "instances": [
        {
          "schema_version": 0,
          "attributes": {
            "groups": null,
            "id": "movieshop-nl-dev-merchants-policy-attachment",
            "name": "movieshop-nl-dev-merchants-policy-attachment",
            "policy_arn": "arn:aws:iam::637423312381:policy/movieshop-nl-dev-merchants-policy",
            "roles": [
              "movieshop-nl-dev-merchants-role"
            ],
            "users": null
          },
          "private": "bnVsbA==",
          "dependencies": [
            "module.merchants.aws_dynamodb_table.movieshop-merchants",
            "module.merchants.aws_iam_policy.movieshop_merchants_policy",
            "module.merchants.aws_iam_role.movieshop_merchants_role"
          ]
        }
      ]
    },
    {
      "module": "module.merchants",
      "mode": "managed",
      "type": "aws_iam_policy_attachment",
      "name": "movieshop_merchants_stream_consumer_policy_attachment",
      "provider": "provider.aws",
      "instances": [
        {
          "schema_version": 0,
          "attributes": {
            "groups": null,
            "id": "movieshop-nl-dev-merchants-stream-consumer-policy-attachment",
            "name": "movieshop-nl-dev-merchants-stream-consumer-policy-attachment",
            "policy_arn": "arn:aws:iam::637423312381:policy/movieshop-nl-dev-merchants-policy-stream",
            "roles": [
              "movieshop-nl-dev-merchants-stream-consumer-role"
            ],
            "users": null
          },
          "private": "bnVsbA==",
          "dependencies": [
            "module.merchant_notifications.aws_sns_topic.movieshop_merchant_notifications",
            "module.merchants.aws_dynamodb_table.movieshop-merchants",
            "module.merchants.aws_iam_policy.movieshop_merchants_policy_stream",
            "module.merchants.aws_iam_role.movieshop_merchants_stream_consumer_role"
          ]
        }
      ]
    },
    {
      "module": "module.merchantvisualproduction",
      "mode": "managed",
      "type": "aws_iam_policy_attachment",
      "name": "movieshop_merchantvisualproduction_policy_attachment",
      "provider": "provider.aws",
      "instances": [
        {
          "schema_version": 0,
          "attributes": {
            "groups": [],
            "id": "movieshop-nl-dev-merchantvisualproduction-policy-attachment",
            "name": "movieshop-nl-dev-merchantvisualproduction-policy-attachment",
            "policy_arn": "arn:aws:iam::637423312381:policy/movieshop-nl-dev-merchantvisualproduction-policy",
            "roles": [
              "movieshop-nl-dev-merchantvisualproduction-role"
            ],
            "users": []
          },
          "private": "bnVsbA==",
          "dependencies": [
            "module.merchantvisualproduction.aws_dynamodb_table.movieshop-merchantvisualproduction",
            "module.merchantvisualproduction.aws_iam_policy.movieshop_merchantvisualproduction_policy",
            "module.merchantvisualproduction.aws_iam_role.movieshop_merchantvisualproduction_role"
          ]
        }
      ]
    },
    {
      "module": "module.merchantvisualproduction",
      "mode": "managed",
      "type": "aws_iam_policy_attachment",
      "name": "movieshop_merchantvisualproduction_stream_consumer_policy_attachment",
      "provider": "provider.aws",
      "instances": [
        {
          "schema_version": 0,
          "attributes": {
            "groups": [],
            "id": "movieshop-nl-dev-merchantvisualproduction-stream-consumer-policy-attachment",
            "name": "movieshop-nl-dev-merchantvisualproduction-stream-consumer-policy-attachment",
            "policy_arn": "arn:aws:iam::637423312381:policy/movieshop-nl-dev-merchantvisualproduction-policy-stream",
            "roles": [
              "movieshop-nl-dev-merchantvisualproduction-stream-consumer-role"
            ],
            "users": []
          },
          "private": "bnVsbA==",
          "dependencies": [
            "module.merchantvisualproduction.aws_dynamodb_table.movieshop-merchantvisualproduction",
            "module.merchantvisualproduction.aws_iam_policy.movieshop_merchantvisualproduction_policy_stream",
            "module.merchantvisualproduction.aws_iam_role.movieshop_merchantvisualproduction_stream_consumer_role",
            "module.merchantvisualproduction_notifications.aws_sns_topic.movieshop_merchantvisualproduction_notifications"
          ]
        }
      ]
    },
    {
      "module": "module.movieshopfees",
      "mode": "managed",
      "type": "aws_iam_policy_attachment",
      "name": "movieshop_movieshopfees_policy_attachment",
      "provider": "provider.aws",
      "instances": [
        {
          "schema_version": 0,
          "attributes": {
            "groups": [],
            "id": "movieshop-nl-dev-movieshopfees-policy-attachment",
            "name": "movieshop-nl-dev-movieshopfees-policy-attachment",
            "policy_arn": "arn:aws:iam::637423312381:policy/movieshop-nl-dev-movieshopfees-policy",
            "roles": [
              "movieshop-nl-dev-movieshopfees-role"
            ],
            "users": []
          },
          "private": "bnVsbA==",
          "dependencies": [
            "module.movieshopfees.aws_dynamodb_table.movieshop-movieshopfees",
            "module.movieshopfees.aws_iam_policy.movieshop_movieshopfees_policy",
            "module.movieshopfees.aws_iam_role.movieshop_movieshopfees_role"
          ]
        }
      ]
    },
    {
      "module": "module.orders",
      "mode": "managed",
      "type": "aws_iam_policy_attachment",
      "name": "movieshop_orders_policy_attachment",
      "provider": "provider.aws",
      "instances": [
        {
          "schema_version": 0,
          "attributes": {
            "groups": [],
            "id": "movieshop-nl-dev-orders-policy-attachment",
            "name": "movieshop-nl-dev-orders-policy-attachment",
            "policy_arn": "arn:aws:iam::637423312381:policy/movieshop-nl-dev-orders-policy",
            "roles": [
              "movieshop-nl-dev-orders-role"
            ],
            "users": []
          },
          "private": "bnVsbA==",
          "dependencies": [
            "module.orders.aws_dynamodb_table.movieshop-orders",
            "module.orders.aws_iam_policy.movieshop_orders_policy",
            "module.orders.aws_iam_role.movieshop_orders_role"
          ]
        }
      ]
    },
    {
      "module": "module.orders",
      "mode": "managed",
      "type": "aws_iam_policy_attachment",
      "name": "movieshop_orders_stream_consumer_policy_attachment",
      "provider": "provider.aws",
      "instances": [
        {
          "schema_version": 0,
          "attributes": {
            "groups": [],
            "id": "movieshop-nl-dev-orders-stream-consumer-policy-attachment",
            "name": "movieshop-nl-dev-orders-stream-consumer-policy-attachment",
            "policy_arn": "arn:aws:iam::637423312381:policy/movieshop-nl-dev-orders-policy-stream",
            "roles": [
              "movieshop-nl-dev-orders-stream-consumer-role"
            ],
            "users": []
          },
          "private": "bnVsbA==",
          "dependencies": [
            "module.order_notifications.aws_sns_topic.movieshop_order_notifications",
            "module.orders.aws_dynamodb_table.movieshop-orders",
            "module.orders.aws_iam_policy.movieshop_orders_policy_stream",
            "module.orders.aws_iam_role.movieshop_orders_stream_consumer_role"
          ]
        }
      ]
    },
    {
      "module": "module.pendentorders",
      "mode": "managed",
      "type": "aws_iam_policy_attachment",
      "name": "movieshop_pendentorders_policy_attachment",
      "provider": "provider.aws",
      "instances": [
        {
          "schema_version": 0,
          "attributes": {
            "groups": [],
            "id": "movieshop-nl-dev-pendentorders-policy-attachment",
            "name": "movieshop-nl-dev-pendentorders-policy-attachment",
            "policy_arn": "arn:aws:iam::637423312381:policy/movieshop-nl-dev-pendentorders-policy",
            "roles": [
              "movieshop-nl-dev-pendentorders-role"
            ],
            "users": []
          },
          "private": "bnVsbA==",
          "dependencies": [
            "module.pendentorders.aws_dynamodb_table.movieshop-pendentorders",
            "module.pendentorders.aws_iam_policy.movieshop_pendentorders_policy",
            "module.pendentorders.aws_iam_role.movieshop_pendentorders_role"
          ]
        }
      ]
    },
    {
      "module": "module.probs",
      "mode": "managed",
      "type": "aws_iam_policy_attachment",
      "name": "movieshop_probs_policy_attachment",
      "provider": "provider.aws",
      "instances": [
        {
          "schema_version": 0,
          "attributes": {
            "groups": [],
            "id": "movieshop-nl-dev-probs-policy-attachment",
            "name": "movieshop-nl-dev-probs-policy-attachment",
            "policy_arn": "arn:aws:iam::637423312381:policy/movieshop-nl-dev-probs-policy",
            "roles": [
              "movieshop-nl-dev-probs-role"
            ],
            "users": []
          },
          "private": "bnVsbA==",
          "dependencies": [
            "module.probs.aws_dynamodb_table.movieshop-probs",
            "module.probs.aws_iam_policy.movieshop_probs_policy",
            "module.probs.aws_iam_role.movieshop_probs_role"
          ]
        }
      ]
    },
    {
      "module": "module.productavaliation",
      "mode": "managed",
      "type": "aws_iam_policy_attachment",
      "name": "movieshop_productavaliation_policy_attachment",
      "provider": "provider.aws",
      "instances": [
        {
          "schema_version": 0,
          "attributes": {
            "groups": [],
            "id": "movieshop-nl-dev-productavaliation-policy-attachment",
            "name": "movieshop-nl-dev-productavaliation-policy-attachment",
            "policy_arn": "arn:aws:iam::637423312381:policy/movieshop-nl-dev-productavaliation-policy",
            "roles": [
              "movieshop-nl-dev-productavaliation-role"
            ],
            "users": []
          },
          "private": "bnVsbA==",
          "dependencies": [
            "module.productavaliation.aws_dynamodb_table.movieshop-productavaliation",
            "module.productavaliation.aws_iam_policy.movieshop_productavaliation_policy",
            "module.productavaliation.aws_iam_role.movieshop_productavaliation_role"
          ]
        }
      ]
    },
    {
      "module": "module.products",
      "mode": "managed",
      "type": "aws_iam_policy_attachment",
      "name": "movieshop_products_policy_attachment",
      "provider": "provider.aws",
      "instances": [
        {
          "schema_version": 0,
          "attributes": {
            "groups": [],
            "id": "movieshop-nl-dev-products-policy-attachment",
            "name": "movieshop-nl-dev-products-policy-attachment",
            "policy_arn": "arn:aws:iam::637423312381:policy/movieshop-nl-dev-products-policy",
            "roles": [
              "movieshop-nl-dev-products-role"
            ],
            "users": []
          },
          "private": "bnVsbA==",
          "dependencies": [
            "module.products.aws_dynamodb_table.movieshop-products",
            "module.products.aws_iam_policy.movieshop_products_policy",
            "module.products.aws_iam_role.movieshop_products_role"
          ]
        }
      ]
    },
    {
      "module": "module.useravaliation",
      "mode": "managed",
      "type": "aws_iam_policy_attachment",
      "name": "movieshop_useravaliation_policy_attachment",
      "provider": "provider.aws",
      "instances": [
        {
          "schema_version": 0,
          "attributes": {
            "groups": [],
            "id": "movieshop-nl-dev-useravaliation-policy-attachment",
            "name": "movieshop-nl-dev-useravaliation-policy-attachment",
            "policy_arn": "arn:aws:iam::637423312381:policy/movieshop-nl-dev-useravaliation-policy",
            "roles": [
              "movieshop-nl-dev-useravaliation-role"
            ],
            "users": []
          },
          "private": "bnVsbA==",
          "dependencies": [
            "module.useravaliation.aws_dynamodb_table.movieshop-useravaliation",
            "module.useravaliation.aws_iam_policy.movieshop_useravaliation_policy",
            "module.useravaliation.aws_iam_role.movieshop_useravaliation_role"
          ]
        }
      ]
    },
    {
      "module": "module.users",
      "mode": "managed",
      "type": "aws_iam_policy_attachment",
      "name": "movieshop_users_policy_attachment",
      "provider": "provider.aws",
      "instances": [
        {
          "schema_version": 0,
          "attributes": {
            "groups": [],
            "id": "movieshop-nl-dev-users-policy-attachment",
            "name": "movieshop-nl-dev-users-policy-attachment",
            "policy_arn": "arn:aws:iam::637423312381:policy/movieshop-nl-dev-users-policy",
            "roles": [
              "movieshop-nl-dev-users-role"
            ],
            "users": []
          },
          "private": "bnVsbA==",
          "dependencies": [
            "module.users.aws_dynamodb_table.movieshop-users",
            "module.users.aws_iam_policy.movieshop_users_policy",
            "module.users.aws_iam_role.movieshop_users_role"
          ]
        }
      ]
    },
    {
      "module": "module.visualproductions",
      "mode": "managed",
      "type": "aws_iam_policy_attachment",
      "name": "movieshop_visualproductions_policy_attachment",
      "provider": "provider.aws",
      "instances": [
        {
          "schema_version": 0,
          "attributes": {
            "groups": [],
            "id": "movieshop-nl-dev-visualproductions-policy-attachment",
            "name": "movieshop-nl-dev-visualproductions-policy-attachment",
            "policy_arn": "arn:aws:iam::637423312381:policy/movieshop-nl-dev-visualproductions-policy",
            "roles": [
              "movieshop-nl-dev-visualproductions-role"
            ],
            "users": []
          },
          "private": "bnVsbA==",
          "dependencies": [
            "module.visualproductions.aws_dynamodb_table.movieshop-visualproductions",
            "module.visualproductions.aws_iam_policy.movieshop_visualproductions_policy",
            "module.visualproductions.aws_iam_role.movieshop_visualproductions_role"
          ]
        }
      ]
    },
    {
      "module": "module.merchantavaliation",
      "mode": "managed",
      "type": "aws_iam_role",
      "name": "movieshop_merchantavaliation_role",
      "provider": "provider.aws",
      "instances": [
        {
          "schema_version": 0,
          "attributes": {
            "arn": "arn:aws:iam::637423312381:role/movieshop-nl-dev-merchantavaliation-role",
            "assume_role_policy": "{\"Version\":\"2012-10-17\",\"Statement\":[{\"Sid\":\"\",\"Effect\":\"Allow\",\"Principal\":{\"Service\":\"lambda.amazonaws.com\"},\"Action\":\"sts:AssumeRole\"}]}",
            "create_date": "2024-05-05T17:09:52Z",
            "description": "",
            "force_detach_policies": false,
            "id": "movieshop-nl-dev-merchantavaliation-role",
            "inline_policy": [
              {
                "name": "",
                "policy": ""
              }
            ],
            "managed_policy_arns": [
              "arn:aws:iam::637423312381:policy/movieshop-nl-dev-merchantavaliation-policy"
            ],
            "max_session_duration": 3600,
            "name": "movieshop-nl-dev-merchantavaliation-role",
            "name_prefix": null,
            "path": "/",
            "permissions_boundary": null,
            "tags": {},
            "unique_id": "AROAZI2LD3X63GQJH5FHH"
          },
          "private": "bnVsbA=="
        }
      ]
    },
    {
      "module": "module.merchants",
      "mode": "managed",
      "type": "aws_iam_role",
      "name": "movieshop_merchants_role",
      "provider": "provider.aws",
      "instances": [
        {
          "schema_version": 0,
          "attributes": {
            "arn": "arn:aws:iam::637423312381:role/movieshop-nl-dev-merchants-role",
            "assume_role_policy": "{\"Version\":\"2012-10-17\",\"Statement\":[{\"Sid\":\"\",\"Effect\":\"Allow\",\"Principal\":{\"Service\":\"lambda.amazonaws.com\"},\"Action\":\"sts:AssumeRole\"}]}",
            "create_date": "2024-05-05T17:09:52Z",
            "description": "",
            "force_detach_policies": false,
            "id": "movieshop-nl-dev-merchants-role",
            "inline_policy": [
              {
                "name": "",
                "policy": ""
              }
            ],
            "managed_policy_arns": [],
            "max_session_duration": 3600,
            "name": "movieshop-nl-dev-merchants-role",
            "name_prefix": null,
            "path": "/",
            "permissions_boundary": null,
            "tags": {},
            "unique_id": "AROAZI2LD3X66CWCFBQHT"
          },
          "private": "bnVsbA=="
        }
      ]
    },
    {
      "module": "module.merchants",
      "mode": "managed",
      "type": "aws_iam_role",
      "name": "movieshop_merchants_stream_consumer_role",
      "provider": "provider.aws",
      "instances": [
        {
          "schema_version": 0,
          "attributes": {
            "arn": "arn:aws:iam::637423312381:role/movieshop-nl-dev-merchants-stream-consumer-role",
            "assume_role_policy": "{\"Version\":\"2012-10-17\",\"Statement\":[{\"Sid\":\"\",\"Effect\":\"Allow\",\"Principal\":{\"Service\":\"lambda.amazonaws.com\"},\"Action\":\"sts:AssumeRole\"}]}",
            "create_date": "2024-05-05T17:09:44Z",
            "description": "",
            "force_detach_policies": false,
            "id": "movieshop-nl-dev-merchants-stream-consumer-role",
            "inline_policy": [
              {
                "name": "",
                "policy": ""
              }
            ],
            "managed_policy_arns": [],
            "max_session_duration": 3600,
            "name": "movieshop-nl-dev-merchants-stream-consumer-role",
            "name_prefix": null,
            "path": "/",
            "permissions_boundary": null,
            "tags": {},
            "unique_id": "AROAZI2LD3X6YFTTGDL3M"
          },
          "private": "bnVsbA=="
        }
      ]
    },
    {
      "module": "module.merchantvisualproduction",
      "mode": "managed",
      "type": "aws_iam_role",
      "name": "movieshop_merchantvisualproduction_role",
      "provider": "provider.aws",
      "instances": [
        {
          "schema_version": 0,
          "attributes": {
            "arn": "arn:aws:iam::637423312381:role/movieshop-nl-dev-merchantvisualproduction-role",
            "assume_role_policy": "{\"Version\":\"2012-10-17\",\"Statement\":[{\"Sid\":\"\",\"Effect\":\"Allow\",\"Principal\":{\"Service\":\"lambda.amazonaws.com\"},\"Action\":\"sts:AssumeRole\"}]}",
            "create_date": "2024-05-05T17:09:54Z",
            "description": "",
            "force_detach_policies": false,
            "id": "movieshop-nl-dev-merchantvisualproduction-role",
            "inline_policy": [
              {
                "name": "",
                "policy": ""
              }
            ],
            "managed_policy_arns": [
              "arn:aws:iam::637423312381:policy/movieshop-nl-dev-merchantvisualproduction-policy"
            ],
            "max_session_duration": 3600,
            "name": "movieshop-nl-dev-merchantvisualproduction-role",
            "name_prefix": null,
            "path": "/",
            "permissions_boundary": null,
            "tags": {},
            "unique_id": "AROAZI2LD3X6TT52GPX2P"
          },
          "private": "bnVsbA=="
        }
      ]
    },
    {
      "module": "module.merchantvisualproduction",
      "mode": "managed",
      "type": "aws_iam_role",
      "name": "movieshop_merchantvisualproduction_stream_consumer_role",
      "provider": "provider.aws",
      "instances": [
        {
          "schema_version": 0,
          "attributes": {
            "arn": "arn:aws:iam::637423312381:role/movieshop-nl-dev-merchantvisualproduction-stream-consumer-role",
            "assume_role_policy": "{\"Version\":\"2012-10-17\",\"Statement\":[{\"Sid\":\"\",\"Effect\":\"Allow\",\"Principal\":{\"Service\":\"lambda.amazonaws.com\"},\"Action\":\"sts:AssumeRole\"}]}",
            "create_date": "2024-05-05T17:09:43Z",
            "description": "",
            "force_detach_policies": false,
            "id": "movieshop-nl-dev-merchantvisualproduction-stream-consumer-role",
            "inline_policy": [
              {
                "name": "",
                "policy": ""
              }
            ],
            "managed_policy_arns": [
              "arn:aws:iam::637423312381:policy/movieshop-nl-dev-merchantvisualproduction-policy-stream"
            ],
            "max_session_duration": 3600,
            "name": "movieshop-nl-dev-merchantvisualproduction-stream-consumer-role",
            "name_prefix": null,
            "path": "/",
            "permissions_boundary": null,
            "tags": {},
            "unique_id": "AROAZI2LD3X6Q3DQPMGKM"
          },
          "private": "bnVsbA=="
        }
      ]
    },
    {
      "module": "module.movieshopfees",
      "mode": "managed",
      "type": "aws_iam_role",
      "name": "movieshop_movieshopfees_role",
      "provider": "provider.aws",
      "instances": [
        {
          "schema_version": 0,
          "attributes": {
            "arn": "arn:aws:iam::637423312381:role/movieshop-nl-dev-movieshopfees-role",
            "assume_role_policy": "{\"Version\":\"2012-10-17\",\"Statement\":[{\"Sid\":\"\",\"Effect\":\"Allow\",\"Principal\":{\"Service\":\"lambda.amazonaws.com\"},\"Action\":\"sts:AssumeRole\"}]}",
            "create_date": "2024-05-05T17:09:51Z",
            "description": "",
            "force_detach_policies": false,
            "id": "movieshop-nl-dev-movieshopfees-role",
            "inline_policy": [
              {
                "name": "",
                "policy": ""
              }
            ],
            "managed_policy_arns": [
              "arn:aws:iam::637423312381:policy/movieshop-nl-dev-movieshopfees-policy"
            ],
            "max_session_duration": 3600,
            "name": "movieshop-nl-dev-movieshopfees-role",
            "name_prefix": null,
            "path": "/",
            "permissions_boundary": null,
            "tags": {},
            "unique_id": "AROAZI2LD3X6RBMYNSC6J"
          },
          "private": "bnVsbA=="
        }
      ]
    },
    {
      "module": "module.orders",
      "mode": "managed",
      "type": "aws_iam_role",
      "name": "movieshop_orders_role",
      "provider": "provider.aws",
      "instances": [
        {
          "schema_version": 0,
          "attributes": {
            "arn": "arn:aws:iam::637423312381:role/movieshop-nl-dev-orders-role",
            "assume_role_policy": "{\"Version\":\"2012-10-17\",\"Statement\":[{\"Sid\":\"\",\"Effect\":\"Allow\",\"Principal\":{\"Service\":\"lambda.amazonaws.com\"},\"Action\":\"sts:AssumeRole\"}]}",
            "create_date": "2024-05-05T17:09:51Z",
            "description": "",
            "force_detach_policies": false,
            "id": "movieshop-nl-dev-orders-role",
            "inline_policy": [
              {
                "name": "",
                "policy": ""
              }
            ],
            "managed_policy_arns": [
              "arn:aws:iam::637423312381:policy/movieshop-nl-dev-orders-policy"
            ],
            "max_session_duration": 3600,
            "name": "movieshop-nl-dev-orders-role",
            "name_prefix": null,
            "path": "/",
            "permissions_boundary": null,
            "tags": {},
            "unique_id": "AROAZI2LD3X64SOOY3OZA"
          },
          "private": "bnVsbA=="
        }
      ]
    },
    {
      "module": "module.orders",
      "mode": "managed",
      "type": "aws_iam_role",
      "name": "movieshop_orders_stream_consumer_role",
      "provider": "provider.aws",
      "instances": [
        {
          "schema_version": 0,
          "attributes": {
            "arn": "arn:aws:iam::637423312381:role/movieshop-nl-dev-orders-stream-consumer-role",
            "assume_role_policy": "{\"Version\":\"2012-10-17\",\"Statement\":[{\"Sid\":\"\",\"Effect\":\"Allow\",\"Principal\":{\"Service\":\"lambda.amazonaws.com\"},\"Action\":\"sts:AssumeRole\"}]}",
            "create_date": "2024-05-05T17:09:43Z",
            "description": "",
            "force_detach_policies": false,
            "id": "movieshop-nl-dev-orders-stream-consumer-role",
            "inline_policy": [
              {
                "name": "",
                "policy": ""
              }
            ],
            "managed_policy_arns": [
              "arn:aws:iam::637423312381:policy/movieshop-nl-dev-orders-policy-stream"
            ],
            "max_session_duration": 3600,
            "name": "movieshop-nl-dev-orders-stream-consumer-role",
            "name_prefix": null,
            "path": "/",
            "permissions_boundary": null,
            "tags": {},
            "unique_id": "AROAZI2LD3X6UUZ2XPYSX"
          },
          "private": "bnVsbA=="
        }
      ]
    },
    {
      "module": "module.pendentorders",
      "mode": "managed",
      "type": "aws_iam_role",
      "name": "movieshop_pendentorders_role",
      "provider": "provider.aws",
      "instances": [
        {
          "schema_version": 0,
          "attributes": {
            "arn": "arn:aws:iam::637423312381:role/movieshop-nl-dev-pendentorders-role",
            "assume_role_policy": "{\"Version\":\"2012-10-17\",\"Statement\":[{\"Sid\":\"\",\"Effect\":\"Allow\",\"Principal\":{\"Service\":\"lambda.amazonaws.com\"},\"Action\":\"sts:AssumeRole\"}]}",
            "create_date": "2024-05-05T17:09:49Z",
            "description": "",
            "force_detach_policies": false,
            "id": "movieshop-nl-dev-pendentorders-role",
            "inline_policy": [
              {
                "name": "",
                "policy": ""
              }
            ],
            "managed_policy_arns": [
              "arn:aws:iam::637423312381:policy/movieshop-nl-dev-pendentorders-policy"
            ],
            "max_session_duration": 3600,
            "name": "movieshop-nl-dev-pendentorders-role",
            "name_prefix": null,
            "path": "/",
            "permissions_boundary": null,
            "tags": {},
            "unique_id": "AROAZI2LD3X6VORBN2WOF"
          },
          "private": "bnVsbA=="
        }
      ]
    },
    {
      "module": "module.probs",
      "mode": "managed",
      "type": "aws_iam_role",
      "name": "movieshop_probs_role",
      "provider": "provider.aws",
      "instances": [
        {
          "schema_version": 0,
          "attributes": {
            "arn": "arn:aws:iam::637423312381:role/movieshop-nl-dev-probs-role",
            "assume_role_policy": "{\"Version\":\"2012-10-17\",\"Statement\":[{\"Sid\":\"\",\"Effect\":\"Allow\",\"Principal\":{\"Service\":\"lambda.amazonaws.com\"},\"Action\":\"sts:AssumeRole\"}]}",
            "create_date": "2024-05-05T17:09:49Z",
            "description": "",
            "force_detach_policies": false,
            "id": "movieshop-nl-dev-probs-role",
            "inline_policy": [
              {
                "name": "",
                "policy": ""
              }
            ],
            "managed_policy_arns": [
              "arn:aws:iam::637423312381:policy/movieshop-nl-dev-probs-policy"
            ],
            "max_session_duration": 3600,
            "name": "movieshop-nl-dev-probs-role",
            "name_prefix": null,
            "path": "/",
            "permissions_boundary": null,
            "tags": {},
            "unique_id": "AROAZI2LD3X66DJB7RW2K"
          },
          "private": "bnVsbA=="
        }
      ]
    },
    {
      "module": "module.productavaliation",
      "mode": "managed",
      "type": "aws_iam_role",
      "name": "movieshop_productavaliation_role",
      "provider": "provider.aws",
      "instances": [
        {
          "schema_version": 0,
          "attributes": {
            "arn": "arn:aws:iam::637423312381:role/movieshop-nl-dev-productavaliation-role",
            "assume_role_policy": "{\"Version\":\"2012-10-17\",\"Statement\":[{\"Sid\":\"\",\"Effect\":\"Allow\",\"Principal\":{\"Service\":\"lambda.amazonaws.com\"},\"Action\":\"sts:AssumeRole\"}]}",
            "create_date": "2024-05-05T17:09:46Z",
            "description": "",
            "force_detach_policies": false,
            "id": "movieshop-nl-dev-productavaliation-role",
            "inline_policy": [
              {
                "name": "",
                "policy": ""
              }
            ],
            "managed_policy_arns": [
              "arn:aws:iam::637423312381:policy/movieshop-nl-dev-productavaliation-policy"
            ],
            "max_session_duration": 3600,
            "name": "movieshop-nl-dev-productavaliation-role",
            "name_prefix": null,
            "path": "/",
            "permissions_boundary": null,
            "tags": {},
            "unique_id": "AROAZI2LD3X63BIC656TX"
          },
          "private": "bnVsbA=="
        }
      ]
    },
    {
      "module": "module.products",
      "mode": "managed",
      "type": "aws_iam_role",
      "name": "movieshop_products_role",
      "provider": "provider.aws",
      "instances": [
        {
          "schema_version": 0,
          "attributes": {
            "arn": "arn:aws:iam::637423312381:role/movieshop-nl-dev-products-role",
            "assume_role_policy": "{\"Version\":\"2012-10-17\",\"Statement\":[{\"Sid\":\"\",\"Effect\":\"Allow\",\"Principal\":{\"Service\":\"lambda.amazonaws.com\"},\"Action\":\"sts:AssumeRole\"}]}",
            "create_date": "2024-05-05T17:09:55Z",
            "description": "",
            "force_detach_policies": false,
            "id": "movieshop-nl-dev-products-role",
            "inline_policy": [
              {
                "name": "",
                "policy": ""
              }
            ],
            "managed_policy_arns": [
              "arn:aws:iam::637423312381:policy/movieshop-nl-dev-products-policy"
            ],
            "max_session_duration": 3600,
            "name": "movieshop-nl-dev-products-role",
            "name_prefix": null,
            "path": "/",
            "permissions_boundary": null,
            "tags": {},
            "unique_id": "AROAZI2LD3X64KREUHT3X"
          },
          "private": "bnVsbA=="
        }
      ]
    },
    {
      "module": "module.merchant_notifications",
      "mode": "managed",
      "type": "aws_iam_role",
      "name": "movieshop_read_merchants_role",
      "provider": "provider.aws",
      "instances": [
        {
          "schema_version": 0,
          "attributes": {
            "arn": "arn:aws:iam::637423312381:role/movieshop-nl-dev-movieshop-read-merchants-role",
            "assume_role_policy": "{\"Version\":\"2012-10-17\",\"Statement\":[{\"Sid\":\"\",\"Effect\":\"Allow\",\"Principal\":{\"Service\":\"lambda.amazonaws.com\"},\"Action\":\"sts:AssumeRole\"}]}",
            "create_date": "2024-05-05T17:09:48Z",
            "description": "",
            "force_detach_policies": false,
            "id": "movieshop-nl-dev-movieshop-read-merchants-role",
            "inline_policy": [
              {
                "name": "",
                "policy": ""
              }
            ],
            "managed_policy_arns": [
              "arn:aws:iam::637423312381:policy/movieshop-nl-dev-movieshop-iam-policy-read-merchant-queue"
            ],
            "max_session_duration": 3600,
            "name": "movieshop-nl-dev-movieshop-read-merchants-role",
            "name_prefix": null,
            "path": "/",
            "permissions_boundary": null,
            "tags": {},
            "unique_id": "AROAZI2LD3X6TTQJRKJUA"
          },
          "private": "bnVsbA=="
        }
      ]
    },
    {
      "module": "module.merchantvisualproduction_notifications",
      "mode": "managed",
      "type": "aws_iam_role",
      "name": "movieshop_read_merchantvisualproduction_role",
      "provider": "provider.aws",
      "instances": [
        {
          "schema_version": 0,
          "attributes": {
            "arn": "arn:aws:iam::637423312381:role/movieshop-nl-dev-movieshop-read-merchantvisualproduction-role",
            "assume_role_policy": "{\"Version\":\"2012-10-17\",\"Statement\":[{\"Sid\":\"\",\"Effect\":\"Allow\",\"Principal\":{\"Service\":\"lambda.amazonaws.com\"},\"Action\":\"sts:AssumeRole\"}]}",
            "create_date": "2024-05-05T17:09:43Z",
            "description": "",
            "force_detach_policies": false,
            "id": "movieshop-nl-dev-movieshop-read-merchantvisualproduction-role",
            "inline_policy": [
              {
                "name": "",
                "policy": ""
              }
            ],
            "managed_policy_arns": [
              "arn:aws:iam::637423312381:policy/movieshop-nl-dev-movieshop-iam-policy-read-merchantvisualproduction-queue"
            ],
            "max_session_duration": 3600,
            "name": "movieshop-nl-dev-movieshop-read-merchantvisualproduction-role",
            "name_prefix": null,
            "path": "/",
            "permissions_boundary": null,
            "tags": {},
            "unique_id": "AROAZI2LD3X67C4CTUHNB"
          },
          "private": "bnVsbA=="
        }
      ]
    },
    {
      "module": "module.order_notifications",
      "mode": "managed",
      "type": "aws_iam_role",
      "name": "movieshop_read_order_role",
      "provider": "provider.aws",
      "instances": [
        {
          "schema_version": 0,
          "attributes": {
            "arn": "arn:aws:iam::637423312381:role/movieshop-nl-dev-movieshop-read-order-role",
            "assume_role_policy": "{\"Version\":\"2012-10-17\",\"Statement\":[{\"Sid\":\"\",\"Effect\":\"Allow\",\"Principal\":{\"Service\":\"lambda.amazonaws.com\"},\"Action\":\"sts:AssumeRole\"}]}",
            "create_date": "2024-05-05T17:09:44Z",
            "description": "",
            "force_detach_policies": false,
            "id": "movieshop-nl-dev-movieshop-read-order-role",
            "inline_policy": [
              {
                "name": "",
                "policy": ""
              }
            ],
            "managed_policy_arns": [
              "arn:aws:iam::637423312381:policy/movieshop-nl-dev-movieshop-iam-policy-read-order-queue"
            ],
            "max_session_duration": 3600,
            "name": "movieshop-nl-dev-movieshop-read-order-role",
            "name_prefix": null,
            "path": "/",
            "permissions_boundary": null,
            "tags": {},
            "unique_id": "AROAZI2LD3X6ZDQ6O4GXX"
          },
          "private": "bnVsbA=="
        }
      ]
    },
    {
      "module": "module.useravaliation",
      "mode": "managed",
      "type": "aws_iam_role",
      "name": "movieshop_useravaliation_role",
      "provider": "provider.aws",
      "instances": [
        {
          "schema_version": 0,
          "attributes": {
            "arn": "arn:aws:iam::637423312381:role/movieshop-nl-dev-useravaliation-role",
            "assume_role_policy": "{\"Version\":\"2012-10-17\",\"Statement\":[{\"Sid\":\"\",\"Effect\":\"Allow\",\"Principal\":{\"Service\":\"lambda.amazonaws.com\"},\"Action\":\"sts:AssumeRole\"}]}",
            "create_date": "2024-05-05T17:09:47Z",
            "description": "",
            "force_detach_policies": false,
            "id": "movieshop-nl-dev-useravaliation-role",
            "inline_policy": [
              {
                "name": "",
                "policy": ""
              }
            ],
            "managed_policy_arns": [
              "arn:aws:iam::637423312381:policy/movieshop-nl-dev-useravaliation-policy"
            ],
            "max_session_duration": 3600,
            "name": "movieshop-nl-dev-useravaliation-role",
            "name_prefix": null,
            "path": "/",
            "permissions_boundary": null,
            "tags": {},
            "unique_id": "AROAZI2LD3X656XVLIVDH"
          },
          "private": "bnVsbA=="
        }
      ]
    },
    {
      "module": "module.users",
      "mode": "managed",
      "type": "aws_iam_role",
      "name": "movieshop_users_role",
      "provider": "provider.aws",
      "instances": [
        {
          "schema_version": 0,
          "attributes": {
            "arn": "arn:aws:iam::637423312381:role/movieshop-nl-dev-users-role",
            "assume_role_policy": "{\"Version\":\"2012-10-17\",\"Statement\":[{\"Sid\":\"\",\"Effect\":\"Allow\",\"Principal\":{\"Service\":\"lambda.amazonaws.com\"},\"Action\":\"sts:AssumeRole\"}]}",
            "create_date": "2024-05-05T17:09:51Z",
            "description": "",
            "force_detach_policies": false,
            "id": "movieshop-nl-dev-users-role",
            "inline_policy": [
              {
                "name": "",
                "policy": ""
              }
            ],
            "managed_policy_arns": [
              "arn:aws:iam::637423312381:policy/movieshop-nl-dev-users-policy"
            ],
            "max_session_duration": 3600,
            "name": "movieshop-nl-dev-users-role",
            "name_prefix": null,
            "path": "/",
            "permissions_boundary": null,
            "tags": {},
            "unique_id": "AROAZI2LD3X62IXSLXOOZ"
          },
          "private": "bnVsbA=="
        }
      ]
    },
    {
      "module": "module.visualproductions",
      "mode": "managed",
      "type": "aws_iam_role",
      "name": "movieshop_visualproductions_role",
      "provider": "provider.aws",
      "instances": [
        {
          "schema_version": 0,
          "attributes": {
            "arn": "arn:aws:iam::637423312381:role/movieshop-nl-dev-visualproductions-role",
            "assume_role_policy": "{\"Version\":\"2012-10-17\",\"Statement\":[{\"Sid\":\"\",\"Effect\":\"Allow\",\"Principal\":{\"Service\":\"lambda.amazonaws.com\"},\"Action\":\"sts:AssumeRole\"}]}",
            "create_date": "2024-05-05T17:09:53Z",
            "description": "",
            "force_detach_policies": false,
            "id": "movieshop-nl-dev-visualproductions-role",
            "inline_policy": [
              {
                "name": "",
                "policy": ""
              }
            ],
            "managed_policy_arns": [
              "arn:aws:iam::637423312381:policy/movieshop-nl-dev-visualproductions-policy"
            ],
            "max_session_duration": 3600,
            "name": "movieshop-nl-dev-visualproductions-role",
            "name_prefix": null,
            "path": "/",
            "permissions_boundary": null,
            "tags": {},
            "unique_id": "AROAZI2LD3X6VO5L4WDLF"
          },
          "private": "bnVsbA=="
        }
      ]
    },
    {
      "module": "module.merchant_notifications",
      "mode": "managed",
      "type": "aws_sns_topic",
      "name": "movieshop_merchant_notifications",
      "provider": "provider.aws",
      "instances": [
        {
          "schema_version": 0,
          "attributes": {
            "application_failure_feedback_role_arn": "",
            "application_success_feedback_role_arn": "",
            "application_success_feedback_sample_rate": null,
            "arn": "arn:aws:sns:eu-central-1:637423312381:movieshop-nl-dev-merchant-notifications",
            "content_based_deduplication": false,
            "delivery_policy": "",
            "display_name": "",
            "fifo_topic": false,
            "http_failure_feedback_role_arn": "",
            "http_success_feedback_role_arn": "",
            "http_success_feedback_sample_rate": null,
            "id": "arn:aws:sns:eu-central-1:637423312381:movieshop-nl-dev-merchant-notifications",
            "kms_master_key_id": "",
            "lambda_failure_feedback_role_arn": "",
            "lambda_success_feedback_role_arn": "",
            "lambda_success_feedback_sample_rate": null,
            "name": "movieshop-nl-dev-merchant-notifications",
            "name_prefix": "",
            "policy": "{\"Version\":\"2008-10-17\",\"Id\":\"__default_policy_ID\",\"Statement\":[{\"Sid\":\"__default_statement_ID\",\"Effect\":\"Allow\",\"Principal\":{\"AWS\":\"*\"},\"Action\":[\"SNS:GetTopicAttributes\",\"SNS:SetTopicAttributes\",\"SNS:AddPermission\",\"SNS:RemovePermission\",\"SNS:DeleteTopic\",\"SNS:Subscribe\",\"SNS:ListSubscriptionsByTopic\",\"SNS:Publish\"],\"Resource\":\"arn:aws:sns:eu-central-1:637423312381:movieshop-nl-dev-merchant-notifications\",\"Condition\":{\"StringEquals\":{\"AWS:SourceOwner\":\"637423312381\"}}}]}",
            "sqs_failure_feedback_role_arn": "",
            "sqs_success_feedback_role_arn": "",
            "sqs_success_feedback_sample_rate": null,
            "tags": {}
          },
          "private": "bnVsbA=="
        }
      ]
    },
    {
      "module": "module.merchantvisualproduction_notifications",
      "mode": "managed",
      "type": "aws_sns_topic",
      "name": "movieshop_merchantvisualproduction_notifications",
      "provider": "provider.aws",
      "instances": [
        {
          "schema_version": 0,
          "attributes": {
            "application_failure_feedback_role_arn": "",
            "application_success_feedback_role_arn": "",
            "application_success_feedback_sample_rate": null,
            "arn": "arn:aws:sns:eu-central-1:637423312381:movieshop-nl-dev-merchantvisualproduction-notifications",
            "content_based_deduplication": false,
            "delivery_policy": "",
            "display_name": "",
            "fifo_topic": false,
            "http_failure_feedback_role_arn": "",
            "http_success_feedback_role_arn": "",
            "http_success_feedback_sample_rate": null,
            "id": "arn:aws:sns:eu-central-1:637423312381:movieshop-nl-dev-merchantvisualproduction-notifications",
            "kms_master_key_id": "",
            "lambda_failure_feedback_role_arn": "",
            "lambda_success_feedback_role_arn": "",
            "lambda_success_feedback_sample_rate": null,
            "name": "movieshop-nl-dev-merchantvisualproduction-notifications",
            "name_prefix": "",
            "policy": "{\"Version\":\"2008-10-17\",\"Id\":\"__default_policy_ID\",\"Statement\":[{\"Sid\":\"__default_statement_ID\",\"Effect\":\"Allow\",\"Principal\":{\"AWS\":\"*\"},\"Action\":[\"SNS:GetTopicAttributes\",\"SNS:SetTopicAttributes\",\"SNS:AddPermission\",\"SNS:RemovePermission\",\"SNS:DeleteTopic\",\"SNS:Subscribe\",\"SNS:ListSubscriptionsByTopic\",\"SNS:Publish\"],\"Resource\":\"arn:aws:sns:eu-central-1:637423312381:movieshop-nl-dev-merchantvisualproduction-notifications\",\"Condition\":{\"StringEquals\":{\"AWS:SourceOwner\":\"637423312381\"}}}]}",
            "sqs_failure_feedback_role_arn": "",
            "sqs_success_feedback_role_arn": "",
            "sqs_success_feedback_sample_rate": null,
            "tags": {}
          },
          "private": "bnVsbA=="
        }
      ]
    },
    {
      "module": "module.order_notifications",
      "mode": "managed",
      "type": "aws_sns_topic",
      "name": "movieshop_order_notifications",
      "provider": "provider.aws",
      "instances": [
        {
          "schema_version": 0,
          "attributes": {
            "application_failure_feedback_role_arn": "",
            "application_success_feedback_role_arn": "",
            "application_success_feedback_sample_rate": null,
            "arn": "arn:aws:sns:eu-central-1:637423312381:movieshop-nl-dev-order-notifications",
            "content_based_deduplication": false,
            "delivery_policy": "",
            "display_name": "",
            "fifo_topic": false,
            "http_failure_feedback_role_arn": "",
            "http_success_feedback_role_arn": "",
            "http_success_feedback_sample_rate": null,
            "id": "arn:aws:sns:eu-central-1:637423312381:movieshop-nl-dev-order-notifications",
            "kms_master_key_id": "",
            "lambda_failure_feedback_role_arn": "",
            "lambda_success_feedback_role_arn": "",
            "lambda_success_feedback_sample_rate": null,
            "name": "movieshop-nl-dev-order-notifications",
            "name_prefix": "",
            "policy": "{\"Version\":\"2008-10-17\",\"Id\":\"__default_policy_ID\",\"Statement\":[{\"Sid\":\"__default_statement_ID\",\"Effect\":\"Allow\",\"Principal\":{\"AWS\":\"*\"},\"Action\":[\"SNS:GetTopicAttributes\",\"SNS:SetTopicAttributes\",\"SNS:AddPermission\",\"SNS:RemovePermission\",\"SNS:DeleteTopic\",\"SNS:Subscribe\",\"SNS:ListSubscriptionsByTopic\",\"SNS:Publish\"],\"Resource\":\"arn:aws:sns:eu-central-1:637423312381:movieshop-nl-dev-order-notifications\",\"Condition\":{\"StringEquals\":{\"AWS:SourceOwner\":\"637423312381\"}}}]}",
            "sqs_failure_feedback_role_arn": "",
            "sqs_success_feedback_role_arn": "",
            "sqs_success_feedback_sample_rate": null,
            "tags": {}
          },
          "private": "bnVsbA=="
        }
      ]
    },
    {
      "module": "module.merchant_notifications",
      "mode": "managed",
      "type": "aws_sns_topic_subscription",
      "name": "movieshop_merchant_subscription_topic",
      "provider": "provider.aws",
      "instances": [
        {
          "schema_version": 0,
          "attributes": {
            "arn": "arn:aws:sns:eu-central-1:637423312381:movieshop-nl-dev-merchant-notifications:4ee15d30-8a71-4f57-a633-c5d1a7100456",
            "confirmation_timeout_in_minutes": 1,
            "confirmation_was_authenticated": true,
            "delivery_policy": "",
            "endpoint": "arn:aws:sqs:eu-central-1:637423312381:movieshop-nl-dev-merchant-queue",
            "endpoint_auto_confirms": false,
            "filter_policy": "",
            "id": "arn:aws:sns:eu-central-1:637423312381:movieshop-nl-dev-merchant-notifications:4ee15d30-8a71-4f57-a633-c5d1a7100456",
            "owner_id": "637423312381",
            "pending_confirmation": false,
            "protocol": "sqs",
            "raw_message_delivery": false,
            "redrive_policy": "",
            "subscription_role_arn": "",
            "topic_arn": "arn:aws:sns:eu-central-1:637423312381:movieshop-nl-dev-merchant-notifications"
          },
          "private": "bnVsbA==",
          "dependencies": [
            "module.merchant_notifications.aws_sns_topic.movieshop_merchant_notifications",
            "module.merchant_notifications.aws_sqs_queue.movieshop_merchant_queue",
            "module.merchant_notifications.aws_sqs_queue.movieshop_merchant_queue_dlq"
          ]
        }
      ]
    },
    {
      "module": "module.merchantvisualproduction_notifications",
      "mode": "managed",
      "type": "aws_sns_topic_subscription",
      "name": "movieshop_merchantvisualproduction_subscription_topic",
      "provider": "provider.aws",
      "instances": [
        {
          "schema_version": 0,
          "attributes": {
            "arn": "arn:aws:sns:eu-central-1:637423312381:movieshop-nl-dev-merchantvisualproduction-notifications:5bd66d01-ec58-4561-a02a-d2c6dc6698e9",
            "confirmation_timeout_in_minutes": 1,
            "confirmation_was_authenticated": true,
            "delivery_policy": "",
            "endpoint": "arn:aws:sqs:eu-central-1:637423312381:movieshop-nl-dev-merchantvisualproduction-queue",
            "endpoint_auto_confirms": false,
            "filter_policy": "",
            "id": "arn:aws:sns:eu-central-1:637423312381:movieshop-nl-dev-merchantvisualproduction-notifications:5bd66d01-ec58-4561-a02a-d2c6dc6698e9",
            "owner_id": "637423312381",
            "pending_confirmation": false,
            "protocol": "sqs",
            "raw_message_delivery": false,
            "redrive_policy": "",
            "subscription_role_arn": "",
            "topic_arn": "arn:aws:sns:eu-central-1:637423312381:movieshop-nl-dev-merchantvisualproduction-notifications"
          },
          "private": "bnVsbA==",
          "dependencies": [
            "module.merchantvisualproduction_notifications.aws_sns_topic.movieshop_merchantvisualproduction_notifications",
            "module.merchantvisualproduction_notifications.aws_sqs_queue.movieshop_merchantvisualproduction_queue",
            "module.merchantvisualproduction_notifications.aws_sqs_queue.movieshop_merchantvisualproduction_queue_dlq"
          ]
        }
      ]
    },
    {
      "module": "module.order_notifications",
      "mode": "managed",
      "type": "aws_sns_topic_subscription",
      "name": "movieshop_order_subscription_topic",
      "provider": "provider.aws",
      "instances": [
        {
          "schema_version": 0,
          "attributes": {
            "arn": "arn:aws:sns:eu-central-1:637423312381:movieshop-nl-dev-order-notifications:d205e697-c9f8-4c9f-9495-c870b5f89912",
            "confirmation_timeout_in_minutes": 1,
            "confirmation_was_authenticated": true,
            "delivery_policy": "",
            "endpoint": "arn:aws:sqs:eu-central-1:637423312381:movieshop-nl-dev-orders-queue",
            "endpoint_auto_confirms": false,
            "filter_policy": "",
            "id": "arn:aws:sns:eu-central-1:637423312381:movieshop-nl-dev-order-notifications:d205e697-c9f8-4c9f-9495-c870b5f89912",
            "owner_id": "637423312381",
            "pending_confirmation": false,
            "protocol": "sqs",
            "raw_message_delivery": false,
            "redrive_policy": "",
            "subscription_role_arn": "",
            "topic_arn": "arn:aws:sns:eu-central-1:637423312381:movieshop-nl-dev-order-notifications"
          },
          "private": "bnVsbA==",
          "dependencies": [
            "module.order_notifications.aws_sns_topic.movieshop_order_notifications",
            "module.order_notifications.aws_sqs_queue.movieshop_orders_queue",
            "module.order_notifications.aws_sqs_queue.movieshop_orders_queue_dlq"
          ]
        }
      ]
    },
    {
      "module": "module.merchant_notifications",
      "mode": "managed",
      "type": "aws_sqs_queue",
      "name": "movieshop_merchant_queue",
      "provider": "provider.aws",
      "instances": [
        {
          "schema_version": 0,
          "attributes": {
            "arn": "arn:aws:sqs:eu-central-1:637423312381:movieshop-nl-dev-merchant-queue",
            "content_based_deduplication": false,
            "delay_seconds": 0,
            "fifo_queue": false,
            "id": "https://sqs.eu-central-1.amazonaws.com/637423312381/movieshop-nl-dev-merchant-queue",
            "kms_data_key_reuse_period_seconds": 300,
            "kms_master_key_id": "",
            "max_message_size": 262144,
            "message_retention_seconds": 345600,
            "name": "movieshop-nl-dev-merchant-queue",
            "name_prefix": "",
            "policy": "{\"Version\":\"2012-10-17\",\"Statement\":[{\"Effect\":\"Allow\",\"Principal\":\"*\",\"Action\":[\"sqs:ChangeMessageVisibility\",\"sqs:DeleteMessage\",\"sqs:GetQueueAttributes\",\"sqs:GetQueueUrl\",\"sqs:ReceiveMessage\",\"sqs:SendMessage\"],\"Resource\":\"arn:aws:sqs:eu-central-1:637423312381:movieshop-nl-dev-merchant-queue\",\"Condition\":{\"ArnEquals\":{\"aws:SourceArn\":\"arn:aws:sns:eu-central-1:637423312381:movieshop-nl-dev-merchant-notifications\"}}}]}",
            "receive_wait_time_seconds": 0,
            "redrive_policy": "{\"deadLetterTargetArn\":\"arn:aws:sqs:eu-central-1:637423312381:movieshop-nl-dev-merchant-queue-dlq\",\"maxReceiveCount\":3}",
            "tags": {},
            "visibility_timeout_seconds": 30
          },
          "private": "bnVsbA==",
          "dependencies": [
            "module.merchant_notifications.aws_sns_topic.movieshop_merchant_notifications",
            "module.merchant_notifications.aws_sqs_queue.movieshop_merchant_queue_dlq"
          ]
        }
      ]
    },
    {
      "module": "module.merchant_notifications",
      "mode": "managed",
      "type": "aws_sqs_queue",
      "name": "movieshop_merchant_queue_dlq",
      "provider": "provider.aws",
      "instances": [
        {
          "schema_version": 0,
          "attributes": {
            "arn": "arn:aws:sqs:eu-central-1:637423312381:movieshop-nl-dev-merchant-queue-dlq",
            "content_based_deduplication": false,
            "delay_seconds": 0,
            "fifo_queue": false,
            "id": "https://sqs.eu-central-1.amazonaws.com/637423312381/movieshop-nl-dev-merchant-queue-dlq",
            "kms_data_key_reuse_period_seconds": 300,
            "kms_master_key_id": "",
            "max_message_size": 262144,
            "message_retention_seconds": 345600,
            "name": "movieshop-nl-dev-merchant-queue-dlq",
            "name_prefix": "",
            "policy": "",
            "receive_wait_time_seconds": 0,
            "redrive_policy": "",
            "tags": {},
            "visibility_timeout_seconds": 30
          },
          "private": "bnVsbA=="
        }
      ]
    },
    {
      "module": "module.merchantvisualproduction_notifications",
      "mode": "managed",
      "type": "aws_sqs_queue",
      "name": "movieshop_merchantvisualproduction_queue",
      "provider": "provider.aws",
      "instances": [
        {
          "schema_version": 0,
          "attributes": {
            "arn": "arn:aws:sqs:eu-central-1:637423312381:movieshop-nl-dev-merchantvisualproduction-queue",
            "content_based_deduplication": false,
            "delay_seconds": 0,
            "fifo_queue": false,
            "id": "https://sqs.eu-central-1.amazonaws.com/637423312381/movieshop-nl-dev-merchantvisualproduction-queue",
            "kms_data_key_reuse_period_seconds": 300,
            "kms_master_key_id": "",
            "max_message_size": 262144,
            "message_retention_seconds": 345600,
            "name": "movieshop-nl-dev-merchantvisualproduction-queue",
            "name_prefix": "",
            "policy": "{\"Version\":\"2012-10-17\",\"Statement\":[{\"Effect\":\"Allow\",\"Principal\":\"*\",\"Action\":[\"sqs:ChangeMessageVisibility\",\"sqs:DeleteMessage\",\"sqs:GetQueueAttributes\",\"sqs:GetQueueUrl\",\"sqs:ReceiveMessage\",\"sqs:SendMessage\"],\"Resource\":\"arn:aws:sqs:eu-central-1:637423312381:movieshop-nl-dev-merchantvisualproduction-queue\",\"Condition\":{\"ArnEquals\":{\"aws:SourceArn\":\"arn:aws:sns:eu-central-1:637423312381:movieshop-nl-dev-merchantvisualproduction-notifications\"}}}]}",
            "receive_wait_time_seconds": 0,
            "redrive_policy": "{\"deadLetterTargetArn\":\"arn:aws:sqs:eu-central-1:637423312381:movieshop-nl-dev-merchantvisualproduction-queue-dlq\",\"maxReceiveCount\":3}",
            "tags": {},
            "visibility_timeout_seconds": 30
          },
          "private": "bnVsbA==",
          "dependencies": [
            "module.merchantvisualproduction_notifications.aws_sns_topic.movieshop_merchantvisualproduction_notifications",
            "module.merchantvisualproduction_notifications.aws_sqs_queue.movieshop_merchantvisualproduction_queue_dlq"
          ]
        }
      ]
    },
    {
      "module": "module.merchantvisualproduction_notifications",
      "mode": "managed",
      "type": "aws_sqs_queue",
      "name": "movieshop_merchantvisualproduction_queue_dlq",
      "provider": "provider.aws",
      "instances": [
        {
          "schema_version": 0,
          "attributes": {
            "arn": "arn:aws:sqs:eu-central-1:637423312381:movieshop-nl-dev-merchantvisualproduction-queue-dlq",
            "content_based_deduplication": false,
            "delay_seconds": 0,
            "fifo_queue": false,
            "id": "https://sqs.eu-central-1.amazonaws.com/637423312381/movieshop-nl-dev-merchantvisualproduction-queue-dlq",
            "kms_data_key_reuse_period_seconds": 300,
            "kms_master_key_id": "",
            "max_message_size": 262144,
            "message_retention_seconds": 345600,
            "name": "movieshop-nl-dev-merchantvisualproduction-queue-dlq",
            "name_prefix": "",
            "policy": "",
            "receive_wait_time_seconds": 0,
            "redrive_policy": "",
            "tags": {},
            "visibility_timeout_seconds": 30
          },
          "private": "bnVsbA=="
        }
      ]
    },
    {
      "module": "module.order_notifications",
      "mode": "managed",
      "type": "aws_sqs_queue",
      "name": "movieshop_orders_queue",
      "provider": "provider.aws",
      "instances": [
        {
          "schema_version": 0,
          "attributes": {
            "arn": "arn:aws:sqs:eu-central-1:637423312381:movieshop-nl-dev-orders-queue",
            "content_based_deduplication": false,
            "delay_seconds": 0,
            "fifo_queue": false,
            "id": "https://sqs.eu-central-1.amazonaws.com/637423312381/movieshop-nl-dev-orders-queue",
            "kms_data_key_reuse_period_seconds": 300,
            "kms_master_key_id": "",
            "max_message_size": 262144,
            "message_retention_seconds": 345600,
            "name": "movieshop-nl-dev-orders-queue",
            "name_prefix": "",
            "policy": "{\"Version\":\"2012-10-17\",\"Statement\":[{\"Effect\":\"Allow\",\"Principal\":\"*\",\"Action\":[\"sqs:ChangeMessageVisibility\",\"sqs:DeleteMessage\",\"sqs:GetQueueAttributes\",\"sqs:GetQueueUrl\",\"sqs:ReceiveMessage\",\"sqs:SendMessage\"],\"Resource\":\"arn:aws:sqs:eu-central-1:637423312381:movieshop-nl-dev-orders-queue\",\"Condition\":{\"ArnEquals\":{\"aws:SourceArn\":\"arn:aws:sns:eu-central-1:637423312381:movieshop-nl-dev-order-notifications\"}}}]}",
            "receive_wait_time_seconds": 0,
            "redrive_policy": "{\"deadLetterTargetArn\":\"arn:aws:sqs:eu-central-1:637423312381:movieshop-nl-dev-orders-queue-dlq\",\"maxReceiveCount\":3}",
            "tags": {},
            "visibility_timeout_seconds": 30
          },
          "private": "bnVsbA==",
          "dependencies": [
            "module.order_notifications.aws_sns_topic.movieshop_order_notifications",
            "module.order_notifications.aws_sqs_queue.movieshop_orders_queue_dlq"
          ]
        }
      ]
    },
    {
      "module": "module.order_notifications",
      "mode": "managed",
      "type": "aws_sqs_queue",
      "name": "movieshop_orders_queue_dlq",
      "provider": "provider.aws",
      "instances": [
        {
          "schema_version": 0,
          "attributes": {
            "arn": "arn:aws:sqs:eu-central-1:637423312381:movieshop-nl-dev-orders-queue-dlq",
            "content_based_deduplication": false,
            "delay_seconds": 0,
            "fifo_queue": false,
            "id": "https://sqs.eu-central-1.amazonaws.com/637423312381/movieshop-nl-dev-orders-queue-dlq",
            "kms_data_key_reuse_period_seconds": 300,
            "kms_master_key_id": "",
            "max_message_size": 262144,
            "message_retention_seconds": 345600,
            "name": "movieshop-nl-dev-orders-queue-dlq",
            "name_prefix": "",
            "policy": "",
            "receive_wait_time_seconds": 0,
            "redrive_policy": "",
            "tags": {},
            "visibility_timeout_seconds": 30
          },
          "private": "bnVsbA=="
        }
      ]
    },
    {
      "module": "module.merchantavaliation",
      "mode": "managed",
      "type": "aws_ssm_parameter",
      "name": "dynamo_movieshop-merchantavaliation_table",
      "provider": "provider.aws",
      "instances": [
        {
          "schema_version": 0,
          "attributes": {
            "allowed_pattern": "",
            "arn": "arn:aws:ssm:eu-central-1:637423312381:parameter/movieshop-nl-dev-movieshop-merchantavaliation",
            "data_type": "text",
            "description": "",
            "id": "movieshop-nl-dev-movieshop-merchantavaliation",
            "key_id": "",
            "name": "movieshop-nl-dev-movieshop-merchantavaliation",
            "overwrite": null,
            "tags": {},
            "tier": "Standard",
            "type": "String",
            "value": "movieshop-nl-dev-dynamo-merchantavaliation-table",
            "version": 1
          },
          "private": "bnVsbA==",
          "dependencies": [
            "module.merchantavaliation.aws_dynamodb_table.movieshop-merchantavaliation"
          ]
        }
      ]
    },
    {
      "module": "module.merchants",
      "mode": "managed",
      "type": "aws_ssm_parameter",
      "name": "dynamo_movieshop-merchants_table",
      "provider": "provider.aws",
      "instances": [
        {
          "schema_version": 0,
          "attributes": {
            "allowed_pattern": "",
            "arn": "arn:aws:ssm:eu-central-1:637423312381:parameter/movieshop-nl-dev-movieshop-merchants",
            "data_type": "text",
            "description": "",
            "id": "movieshop-nl-dev-movieshop-merchants",
            "key_id": "",
            "name": "movieshop-nl-dev-movieshop-merchants",
            "overwrite": null,
            "tags": null,
            "tier": "Standard",
            "type": "String",
            "value": "movieshop-nl-dev-dynamo-merchants-table",
            "version": 1
          },
          "private": "bnVsbA==",
          "dependencies": [
            "module.merchants.aws_dynamodb_table.movieshop-merchants"
          ]
        }
      ]
    },
    {
      "module": "module.merchantvisualproduction",
      "mode": "managed",
      "type": "aws_ssm_parameter",
      "name": "dynamo_movieshop-merchantvisualproduction_table",
      "provider": "provider.aws",
      "instances": [
        {
          "schema_version": 0,
          "attributes": {
            "allowed_pattern": "",
            "arn": "arn:aws:ssm:eu-central-1:637423312381:parameter/movieshop-nl-dev-movieshop-merchantvisualproduction",
            "data_type": "text",
            "description": "",
            "id": "movieshop-nl-dev-movieshop-merchantvisualproduction",
            "key_id": "",
            "name": "movieshop-nl-dev-movieshop-merchantvisualproduction",
            "overwrite": null,
            "tags": {},
            "tier": "Standard",
            "type": "String",
            "value": "movieshop-nl-dev-dynamo-merchantvisualproduction-table",
            "version": 1
          },
          "private": "bnVsbA==",
          "dependencies": [
            "module.merchantvisualproduction.aws_dynamodb_table.movieshop-merchantvisualproduction"
          ]
        }
      ]
    },
    {
      "module": "module.movieshopfees",
      "mode": "managed",
      "type": "aws_ssm_parameter",
      "name": "dynamo_movieshop-movieshopfees_table",
      "provider": "provider.aws",
      "instances": [
        {
          "schema_version": 0,
          "attributes": {
            "allowed_pattern": "",
            "arn": "arn:aws:ssm:eu-central-1:637423312381:parameter/movieshop-nl-dev-movieshop-movieshopfees",
            "data_type": "text",
            "description": "",
            "id": "movieshop-nl-dev-movieshop-movieshopfees",
            "key_id": "",
            "name": "movieshop-nl-dev-movieshop-movieshopfees",
            "overwrite": null,
            "tags": {},
            "tier": "Standard",
            "type": "String",
            "value": "movieshop-nl-dev-dynamo-movieshopfees-table",
            "version": 1
          },
          "private": "bnVsbA==",
          "dependencies": [
            "module.movieshopfees.aws_dynamodb_table.movieshop-movieshopfees"
          ]
        }
      ]
    },
    {
      "module": "module.orders",
      "mode": "managed",
      "type": "aws_ssm_parameter",
      "name": "dynamo_movieshop-orders_table",
      "provider": "provider.aws",
      "instances": [
        {
          "schema_version": 0,
          "attributes": {
            "allowed_pattern": "",
            "arn": "arn:aws:ssm:eu-central-1:637423312381:parameter/movieshop-nl-dev-movieshop-orders",
            "data_type": "text",
            "description": "",
            "id": "movieshop-nl-dev-movieshop-orders",
            "key_id": "",
            "name": "movieshop-nl-dev-movieshop-orders",
            "overwrite": null,
            "tags": {},
            "tier": "Standard",
            "type": "String",
            "value": "movieshop-nl-dev-dynamo-orders-table",
            "version": 1
          },
          "private": "bnVsbA==",
          "dependencies": [
            "module.orders.aws_dynamodb_table.movieshop-orders"
          ]
        }
      ]
    },
    {
      "module": "module.pendentorders",
      "mode": "managed",
      "type": "aws_ssm_parameter",
      "name": "dynamo_movieshop-pendentorders_table",
      "provider": "provider.aws",
      "instances": [
        {
          "schema_version": 0,
          "attributes": {
            "allowed_pattern": "",
            "arn": "arn:aws:ssm:eu-central-1:637423312381:parameter/movieshop-nl-dev-movieshop-pendentorders",
            "data_type": "text",
            "description": "",
            "id": "movieshop-nl-dev-movieshop-pendentorders",
            "key_id": "",
            "name": "movieshop-nl-dev-movieshop-pendentorders",
            "overwrite": null,
            "tags": {},
            "tier": "Standard",
            "type": "String",
            "value": "movieshop-nl-dev-dynamo-pendentorders-table",
            "version": 1
          },
          "private": "bnVsbA==",
          "dependencies": [
            "module.pendentorders.aws_dynamodb_table.movieshop-pendentorders"
          ]
        }
      ]
    },
    {
      "module": "module.probs",
      "mode": "managed",
      "type": "aws_ssm_parameter",
      "name": "dynamo_movieshop-probs_table",
      "provider": "provider.aws",
      "instances": [
        {
          "schema_version": 0,
          "attributes": {
            "allowed_pattern": "",
            "arn": "arn:aws:ssm:eu-central-1:637423312381:parameter/movieshop-nl-dev-movieshop-probs",
            "data_type": "text",
            "description": "",
            "id": "movieshop-nl-dev-movieshop-probs",
            "key_id": "",
            "name": "movieshop-nl-dev-movieshop-probs",
            "overwrite": null,
            "tags": {},
            "tier": "Standard",
            "type": "String",
            "value": "movieshop-nl-dev-dynamo-movieshop-table",
            "version": 1
          },
          "private": "bnVsbA==",
          "dependencies": [
            "module.probs.aws_dynamodb_table.movieshop-probs"
          ]
        }
      ]
    },
    {
      "module": "module.productavaliation",
      "mode": "managed",
      "type": "aws_ssm_parameter",
      "name": "dynamo_movieshop-productavaliation_table",
      "provider": "provider.aws",
      "instances": [
        {
          "schema_version": 0,
          "attributes": {
            "allowed_pattern": "",
            "arn": "arn:aws:ssm:eu-central-1:637423312381:parameter/movieshop-nl-dev-movieshop-productavaliation",
            "data_type": "text",
            "description": "",
            "id": "movieshop-nl-dev-movieshop-productavaliation",
            "key_id": "",
            "name": "movieshop-nl-dev-movieshop-productavaliation",
            "overwrite": null,
            "tags": {},
            "tier": "Standard",
            "type": "String",
            "value": "movieshop-nl-dev-dynamo-productavaliation-table",
            "version": 1
          },
          "private": "bnVsbA==",
          "dependencies": [
            "module.productavaliation.aws_dynamodb_table.movieshop-productavaliation"
          ]
        }
      ]
    },
    {
      "module": "module.products",
      "mode": "managed",
      "type": "aws_ssm_parameter",
      "name": "dynamo_movieshop-products_table",
      "provider": "provider.aws",
      "instances": [
        {
          "schema_version": 0,
          "attributes": {
            "allowed_pattern": "",
            "arn": "arn:aws:ssm:eu-central-1:637423312381:parameter/movieshop-nl-dev-movieshop-products",
            "data_type": "text",
            "description": "",
            "id": "movieshop-nl-dev-movieshop-products",
            "key_id": "",
            "name": "movieshop-nl-dev-movieshop-products",
            "overwrite": null,
            "tags": {},
            "tier": "Standard",
            "type": "String",
            "value": "movieshop-nl-dev-dynamo-products-table",
            "version": 1
          },
          "private": "bnVsbA==",
          "dependencies": [
            "module.products.aws_dynamodb_table.movieshop-products"
          ]
        }
      ]
    },
    {
      "module": "module.useravaliation",
      "mode": "managed",
      "type": "aws_ssm_parameter",
      "name": "dynamo_movieshop-useravaliation_table",
      "provider": "provider.aws",
      "instances": [
        {
          "schema_version": 0,
          "attributes": {
            "allowed_pattern": "",
            "arn": "arn:aws:ssm:eu-central-1:637423312381:parameter/movieshop-nl-dev-movieshop-useravaliation",
            "data_type": "text",
            "description": "",
            "id": "movieshop-nl-dev-movieshop-useravaliation",
            "key_id": "",
            "name": "movieshop-nl-dev-movieshop-useravaliation",
            "overwrite": null,
            "tags": {},
            "tier": "Standard",
            "type": "String",
            "value": "movieshop-nl-dev-dynamo-useravaliation-table",
            "version": 1
          },
          "private": "bnVsbA==",
          "dependencies": [
            "module.useravaliation.aws_dynamodb_table.movieshop-useravaliation"
          ]
        }
      ]
    },
    {
      "module": "module.users",
      "mode": "managed",
      "type": "aws_ssm_parameter",
      "name": "dynamo_movieshop-users_table",
      "provider": "provider.aws",
      "instances": [
        {
          "schema_version": 0,
          "attributes": {
            "allowed_pattern": "",
            "arn": "arn:aws:ssm:eu-central-1:637423312381:parameter/movieshop-nl-dev-movieshop-users",
            "data_type": "text",
            "description": "",
            "id": "movieshop-nl-dev-movieshop-users",
            "key_id": "",
            "name": "movieshop-nl-dev-movieshop-users",
            "overwrite": null,
            "tags": {},
            "tier": "Standard",
            "type": "String",
            "value": "movieshop-nl-dev-dynamo-users-table",
            "version": 1
          },
          "private": "bnVsbA==",
          "dependencies": [
            "module.users.aws_dynamodb_table.movieshop-users"
          ]
        }
      ]
    },
    {
      "module": "module.visualproductions",
      "mode": "managed",
      "type": "aws_ssm_parameter",
      "name": "dynamo_movieshop-visualproductions_table",
      "provider": "provider.aws",
      "instances": [
        {
          "schema_version": 0,
          "attributes": {
            "allowed_pattern": "",
            "arn": "arn:aws:ssm:eu-central-1:637423312381:parameter/movieshop-nl-dev-movieshop-visualproductions",
            "data_type": "text",
            "description": "",
            "id": "movieshop-nl-dev-movieshop-visualproductions",
            "key_id": "",
            "name": "movieshop-nl-dev-movieshop-visualproductions",
            "overwrite": null,
            "tags": {},
            "tier": "Standard",
            "type": "String",
            "value": "movieshop-nl-dev-dynamo-visualproductions-table",
            "version": 1
          },
          "private": "bnVsbA==",
          "dependencies": [
            "module.visualproductions.aws_dynamodb_table.movieshop-visualproductions"
          ]
        }
      ]
    },
    {
      "module": "module.merchants",
      "mode": "managed",
      "type": "aws_ssm_parameter",
      "name": "dynamodb_movieshop-merchants_stream",
      "provider": "provider.aws",
      "instances": [
        {
          "schema_version": 0,
          "attributes": {
            "allowed_pattern": "",
            "arn": "arn:aws:ssm:eu-central-1:637423312381:parameter/movieshop-nl-dev-merchants-stream",
            "data_type": "text",
            "description": "",
            "id": "movieshop-nl-dev-merchants-stream",
            "key_id": "",
            "name": "movieshop-nl-dev-merchants-stream",
            "overwrite": null,
            "tags": null,
            "tier": "Standard",
            "type": "String",
            "value": "arn:aws:dynamodb:eu-central-1:637423312381:table/movieshop-nl-dev-dynamo-merchants-table/stream/2024-05-05T20:27:30.939",
            "version": 1
          },
          "private": "bnVsbA==",
          "dependencies": [
            "module.merchants.aws_dynamodb_table.movieshop-merchants"
          ]
        }
      ]
    },
    {
      "module": "module.merchantvisualproduction",
      "mode": "managed",
      "type": "aws_ssm_parameter",
      "name": "dynamodb_movieshop-merchantvisualproduction_stream",
      "provider": "provider.aws",
      "instances": [
        {
          "schema_version": 0,
          "attributes": {
            "allowed_pattern": "",
            "arn": "arn:aws:ssm:eu-central-1:637423312381:parameter/movieshop-nl-dev-merchantvisualproduction-stream",
            "data_type": "text",
            "description": "",
            "id": "movieshop-nl-dev-merchantvisualproduction-stream",
            "key_id": "",
            "name": "movieshop-nl-dev-merchantvisualproduction-stream",
            "overwrite": null,
            "tags": {},
            "tier": "Standard",
            "type": "String",
            "value": "arn:aws:dynamodb:eu-central-1:637423312381:table/movieshop-nl-dev-dynamo-merchantvisualproduction-table/stream/2024-05-05T17:09:43.625",
            "version": 1
          },
          "private": "bnVsbA==",
          "dependencies": [
            "module.merchantvisualproduction.aws_dynamodb_table.movieshop-merchantvisualproduction"
          ]
        }
      ]
    },
    {
      "module": "module.orders",
      "mode": "managed",
      "type": "aws_ssm_parameter",
      "name": "dynamodb_movieshop-orders_stream",
      "provider": "provider.aws",
      "instances": [
        {
          "schema_version": 0,
          "attributes": {
            "allowed_pattern": "",
            "arn": "arn:aws:ssm:eu-central-1:637423312381:parameter/movieshop-nl-dev-orders-stream",
            "data_type": "text",
            "description": "",
            "id": "movieshop-nl-dev-orders-stream",
            "key_id": "",
            "name": "movieshop-nl-dev-orders-stream",
            "overwrite": null,
            "tags": {},
            "tier": "Standard",
            "type": "String",
            "value": "arn:aws:dynamodb:eu-central-1:637423312381:table/movieshop-nl-dev-dynamo-orders-table/stream/2024-05-05T17:09:43.628",
            "version": 1
          },
          "private": "bnVsbA==",
          "dependencies": [
            "module.orders.aws_dynamodb_table.movieshop-orders"
          ]
        }
      ]
    },
    {
      "module": "module.admin",
      "mode": "managed",
      "type": "aws_ssm_parameter",
      "name": "email_sender",
      "provider": "provider.aws",
      "instances": [
        {
          "schema_version": 0,
          "attributes": {
            "allowed_pattern": "",
            "arn": "arn:aws:ssm:eu-central-1:637423312381:parameter/movieshop-nl-dev-email-sender",
            "data_type": "text",
            "description": "",
            "id": "movieshop-nl-dev-email-sender",
            "key_id": "",
            "name": "movieshop-nl-dev-email-sender",
            "overwrite": true,
            "tags": null,
            "tier": "Standard",
            "type": "String",
            "value": "no-reply@movieshop.com",
            "version": 1
          },
          "private": "bnVsbA=="
        }
      ]
    },
    {
      "module": "module.admin",
      "mode": "managed",
      "type": "aws_ssm_parameter",
      "name": "jwt_secret",
      "provider": "provider.aws",
      "instances": [
        {
          "schema_version": 0,
          "attributes": {
            "allowed_pattern": "",
            "arn": "arn:aws:ssm:eu-central-1:637423312381:parameter/movieshop-nl-dev-jwt-secret",
            "data_type": "text",
            "description": "",
            "id": "movieshop-nl-dev-jwt-secret",
            "key_id": "",
            "name": "movieshop-nl-dev-jwt-secret",
            "overwrite": null,
            "tags": null,
            "tier": "Standard",
            "type": "String",
            "value": "z21Jg/A/nw6krPddETQ197a9N+I5T079NVN94Qrf4yA=",
            "version": 1
          },
          "private": "bnVsbA=="
        }
      ]
    },
    {
      "module": "module.merchant_notifications",
      "mode": "managed",
      "type": "aws_ssm_parameter",
      "name": "movieshop_merchant_notifications_topic",
      "provider": "provider.aws",
      "instances": [
        {
          "schema_version": 0,
          "attributes": {
            "allowed_pattern": "",
            "arn": "arn:aws:ssm:eu-central-1:637423312381:parameter/movieshop-nl-dev-merchant-notifications-topic",
            "data_type": "text",
            "description": "",
            "id": "movieshop-nl-dev-merchant-notifications-topic",
            "key_id": "",
            "name": "movieshop-nl-dev-merchant-notifications-topic",
            "overwrite": null,
            "tags": {},
            "tier": "Standard",
            "type": "String",
            "value": "arn:aws:sns:eu-central-1:637423312381:movieshop-nl-dev-merchant-notifications",
            "version": 1
          },
          "private": "bnVsbA==",
          "dependencies": [
            "module.merchant_notifications.aws_sns_topic.movieshop_merchant_notifications"
          ]
        }
      ]
    },
    {
      "module": "module.merchantavaliation",
      "mode": "managed",
      "type": "aws_ssm_parameter",
      "name": "movieshop_merchantavaliation_role",
      "provider": "provider.aws",
      "instances": [
        {
          "schema_version": 0,
          "attributes": {
            "allowed_pattern": "",
            "arn": "arn:aws:ssm:eu-central-1:637423312381:parameter/movieshop-nl-dev-merchantavaliation-role",
            "data_type": "text",
            "description": "",
            "id": "movieshop-nl-dev-merchantavaliation-role",
            "key_id": "",
            "name": "movieshop-nl-dev-merchantavaliation-role",
            "overwrite": null,
            "tags": {},
            "tier": "Standard",
            "type": "String",
            "value": "arn:aws:iam::637423312381:role/movieshop-nl-dev-merchantavaliation-role",
            "version": 1
          },
          "private": "bnVsbA==",
          "dependencies": [
            "module.merchantavaliation.aws_iam_role.movieshop_merchantavaliation_role"
          ]
        }
      ]
    },
    {
      "module": "module.merchants",
      "mode": "managed",
      "type": "aws_ssm_parameter",
      "name": "movieshop_merchants_role",
      "provider": "provider.aws",
      "instances": [
        {
          "schema_version": 0,
          "attributes": {
            "allowed_pattern": "",
            "arn": "arn:aws:ssm:eu-central-1:637423312381:parameter/movieshop-nl-dev-merchants-role",
            "data_type": "text",
            "description": "",
            "id": "movieshop-nl-dev-merchants-role",
            "key_id": "",
            "name": "movieshop-nl-dev-merchants-role",
            "overwrite": null,
            "tags": {},
            "tier": "Standard",
            "type": "String",
            "value": "arn:aws:iam::637423312381:role/movieshop-nl-dev-merchants-role",
            "version": 1
          },
          "private": "bnVsbA==",
          "dependencies": [
            "module.merchants.aws_iam_role.movieshop_merchants_role"
          ]
        }
      ]
    },
    {
      "module": "module.merchants",
      "mode": "managed",
      "type": "aws_ssm_parameter",
      "name": "movieshop_merchants_stream_consumer_role",
      "provider": "provider.aws",
      "instances": [
        {
          "schema_version": 0,
          "attributes": {
            "allowed_pattern": "",
            "arn": "arn:aws:ssm:eu-central-1:637423312381:parameter/movieshop-nl-dev-merchants-stream-consumer-role",
            "data_type": "text",
            "description": "",
            "id": "movieshop-nl-dev-merchants-stream-consumer-role",
            "key_id": "",
            "name": "movieshop-nl-dev-merchants-stream-consumer-role",
            "overwrite": null,
            "tags": {},
            "tier": "Standard",
            "type": "String",
            "value": "arn:aws:iam::637423312381:role/movieshop-nl-dev-merchants-stream-consumer-role",
            "version": 1
          },
          "private": "bnVsbA==",
          "dependencies": [
            "module.merchants.aws_iam_role.movieshop_merchants_stream_consumer_role"
          ]
        }
      ]
    },
    {
      "module": "module.merchantvisualproduction_notifications",
      "mode": "managed",
      "type": "aws_ssm_parameter",
      "name": "movieshop_merchantvisualproduction_notifications_topic",
      "provider": "provider.aws",
      "instances": [
        {
          "schema_version": 0,
          "attributes": {
            "allowed_pattern": "",
            "arn": "arn:aws:ssm:eu-central-1:637423312381:parameter/movieshop-nl-dev-merchantvisualproduction-notifications-topic",
            "data_type": "text",
            "description": "",
            "id": "movieshop-nl-dev-merchantvisualproduction-notifications-topic",
            "key_id": "",
            "name": "movieshop-nl-dev-merchantvisualproduction-notifications-topic",
            "overwrite": null,
            "tags": {},
            "tier": "Standard",
            "type": "String",
            "value": "arn:aws:sns:eu-central-1:637423312381:movieshop-nl-dev-merchantvisualproduction-notifications",
            "version": 1
          },
          "private": "bnVsbA==",
          "dependencies": [
            "module.merchantvisualproduction_notifications.aws_sns_topic.movieshop_merchantvisualproduction_notifications"
          ]
        }
      ]
    },
    {
      "module": "module.merchantvisualproduction",
      "mode": "managed",
      "type": "aws_ssm_parameter",
      "name": "movieshop_merchantvisualproduction_role",
      "provider": "provider.aws",
      "instances": [
        {
          "schema_version": 0,
          "attributes": {
            "allowed_pattern": "",
            "arn": "arn:aws:ssm:eu-central-1:637423312381:parameter/movieshop-nl-dev-merchantvisualproduction-role",
            "data_type": "text",
            "description": "",
            "id": "movieshop-nl-dev-merchantvisualproduction-role",
            "key_id": "",
            "name": "movieshop-nl-dev-merchantvisualproduction-role",
            "overwrite": null,
            "tags": {},
            "tier": "Standard",
            "type": "String",
            "value": "arn:aws:iam::637423312381:role/movieshop-nl-dev-merchantvisualproduction-role",
            "version": 1
          },
          "private": "bnVsbA==",
          "dependencies": [
            "module.merchantvisualproduction.aws_iam_role.movieshop_merchantvisualproduction_role"
          ]
        }
      ]
    },
    {
      "module": "module.merchantvisualproduction",
      "mode": "managed",
      "type": "aws_ssm_parameter",
      "name": "movieshop_merchantvisualproduction_stream_consumer_role",
      "provider": "provider.aws",
      "instances": [
        {
          "schema_version": 0,
          "attributes": {
            "allowed_pattern": "",
            "arn": "arn:aws:ssm:eu-central-1:637423312381:parameter/movieshop-nl-dev-merchantvisualproduction-stream-consumer-role",
            "data_type": "text",
            "description": "",
            "id": "movieshop-nl-dev-merchantvisualproduction-stream-consumer-role",
            "key_id": "",
            "name": "movieshop-nl-dev-merchantvisualproduction-stream-consumer-role",
            "overwrite": null,
            "tags": null,
            "tier": "Standard",
            "type": "String",
            "value": "arn:aws:iam::637423312381:role/movieshop-nl-dev-merchantvisualproduction-stream-consumer-role",
            "version": 1
          },
          "private": "bnVsbA==",
          "dependencies": [
            "module.merchantvisualproduction.aws_iam_role.movieshop_merchantvisualproduction_stream_consumer_role"
          ]
        }
      ]
    },
    {
      "module": "module.movieshopfees",
      "mode": "managed",
      "type": "aws_ssm_parameter",
      "name": "movieshop_movieshopfees_role",
      "provider": "provider.aws",
      "instances": [
        {
          "schema_version": 0,
          "attributes": {
            "allowed_pattern": "",
            "arn": "arn:aws:ssm:eu-central-1:637423312381:parameter/movieshop-nl-dev-movieshopfees-role",
            "data_type": "text",
            "description": "",
            "id": "movieshop-nl-dev-movieshopfees-role",
            "key_id": "",
            "name": "movieshop-nl-dev-movieshopfees-role",
            "overwrite": null,
            "tags": {},
            "tier": "Standard",
            "type": "String",
            "value": "arn:aws:iam::637423312381:role/movieshop-nl-dev-movieshopfees-role",
            "version": 1
          },
          "private": "bnVsbA==",
          "dependencies": [
            "module.movieshopfees.aws_iam_role.movieshop_movieshopfees_role"
          ]
        }
      ]
    },
    {
      "module": "module.order_notifications",
      "mode": "managed",
      "type": "aws_ssm_parameter",
      "name": "movieshop_order_notifications_topic",
      "provider": "provider.aws",
      "instances": [
        {
          "schema_version": 0,
          "attributes": {
            "allowed_pattern": "",
            "arn": "arn:aws:ssm:eu-central-1:637423312381:parameter/movieshop-nl-dev-order-notifications-topic",
            "data_type": "text",
            "description": "",
            "id": "movieshop-nl-dev-order-notifications-topic",
            "key_id": "",
            "name": "movieshop-nl-dev-order-notifications-topic",
            "overwrite": null,
            "tags": {},
            "tier": "Standard",
            "type": "String",
            "value": "arn:aws:sns:eu-central-1:637423312381:movieshop-nl-dev-order-notifications",
            "version": 1
          },
          "private": "bnVsbA==",
          "dependencies": [
            "module.order_notifications.aws_sns_topic.movieshop_order_notifications"
          ]
        }
      ]
    },
    {
      "module": "module.orders",
      "mode": "managed",
      "type": "aws_ssm_parameter",
      "name": "movieshop_orders_role",
      "provider": "provider.aws",
      "instances": [
        {
          "schema_version": 0,
          "attributes": {
            "allowed_pattern": "",
            "arn": "arn:aws:ssm:eu-central-1:637423312381:parameter/movieshop-nl-dev-orders-role",
            "data_type": "text",
            "description": "",
            "id": "movieshop-nl-dev-orders-role",
            "key_id": "",
            "name": "movieshop-nl-dev-orders-role",
            "overwrite": null,
            "tags": {},
            "tier": "Standard",
            "type": "String",
            "value": "arn:aws:iam::637423312381:role/movieshop-nl-dev-orders-role",
            "version": 1
          },
          "private": "bnVsbA==",
          "dependencies": [
            "module.orders.aws_iam_role.movieshop_orders_role"
          ]
        }
      ]
    },
    {
      "module": "module.orders",
      "mode": "managed",
      "type": "aws_ssm_parameter",
      "name": "movieshop_orders_stream_consumer_role",
      "provider": "provider.aws",
      "instances": [
        {
          "schema_version": 0,
          "attributes": {
            "allowed_pattern": "",
            "arn": "arn:aws:ssm:eu-central-1:637423312381:parameter/movieshop-nl-dev-orders-stream-consumer-role",
            "data_type": "text",
            "description": "",
            "id": "movieshop-nl-dev-orders-stream-consumer-role",
            "key_id": "",
            "name": "movieshop-nl-dev-orders-stream-consumer-role",
            "overwrite": null,
            "tags": {},
            "tier": "Standard",
            "type": "String",
            "value": "arn:aws:iam::637423312381:role/movieshop-nl-dev-orders-stream-consumer-role",
            "version": 1
          },
          "private": "bnVsbA==",
          "dependencies": [
            "module.orders.aws_iam_role.movieshop_orders_stream_consumer_role"
          ]
        }
      ]
    },
    {
      "module": "module.pendentorders",
      "mode": "managed",
      "type": "aws_ssm_parameter",
      "name": "movieshop_pendentorders_role",
      "provider": "provider.aws",
      "instances": [
        {
          "schema_version": 0,
          "attributes": {
            "allowed_pattern": "",
            "arn": "arn:aws:ssm:eu-central-1:637423312381:parameter/movieshop-nl-dev-pendentorders-role",
            "data_type": "text",
            "description": "",
            "id": "movieshop-nl-dev-pendentorders-role",
            "key_id": "",
            "name": "movieshop-nl-dev-pendentorders-role",
            "overwrite": null,
            "tags": {},
            "tier": "Standard",
            "type": "String",
            "value": "arn:aws:iam::637423312381:role/movieshop-nl-dev-pendentorders-role",
            "version": 1
          },
          "private": "bnVsbA==",
          "dependencies": [
            "module.pendentorders.aws_iam_role.movieshop_pendentorders_role"
          ]
        }
      ]
    },
    {
      "module": "module.probs",
      "mode": "managed",
      "type": "aws_ssm_parameter",
      "name": "movieshop_probs_role",
      "provider": "provider.aws",
      "instances": [
        {
          "schema_version": 0,
          "attributes": {
            "allowed_pattern": "",
            "arn": "arn:aws:ssm:eu-central-1:637423312381:parameter/movieshop-nl-dev-probs-role",
            "data_type": "text",
            "description": "",
            "id": "movieshop-nl-dev-probs-role",
            "key_id": "",
            "name": "movieshop-nl-dev-probs-role",
            "overwrite": null,
            "tags": {},
            "tier": "Standard",
            "type": "String",
            "value": "arn:aws:iam::637423312381:role/movieshop-nl-dev-probs-role",
            "version": 1
          },
          "private": "bnVsbA==",
          "dependencies": [
            "module.probs.aws_iam_role.movieshop_probs_role"
          ]
        }
      ]
    },
    {
      "module": "module.productavaliation",
      "mode": "managed",
      "type": "aws_ssm_parameter",
      "name": "movieshop_productavaliation_role",
      "provider": "provider.aws",
      "instances": [
        {
          "schema_version": 0,
          "attributes": {
            "allowed_pattern": "",
            "arn": "arn:aws:ssm:eu-central-1:637423312381:parameter/movieshop-nl-dev-productavaliation-role",
            "data_type": "text",
            "description": "",
            "id": "movieshop-nl-dev-productavaliation-role",
            "key_id": "",
            "name": "movieshop-nl-dev-productavaliation-role",
            "overwrite": null,
            "tags": {},
            "tier": "Standard",
            "type": "String",
            "value": "arn:aws:iam::637423312381:role/movieshop-nl-dev-productavaliation-role",
            "version": 1
          },
          "private": "bnVsbA==",
          "dependencies": [
            "module.productavaliation.aws_iam_role.movieshop_productavaliation_role"
          ]
        }
      ]
    },
    {
      "module": "module.products",
      "mode": "managed",
      "type": "aws_ssm_parameter",
      "name": "movieshop_products_role",
      "provider": "provider.aws",
      "instances": [
        {
          "schema_version": 0,
          "attributes": {
            "allowed_pattern": "",
            "arn": "arn:aws:ssm:eu-central-1:637423312381:parameter/movieshop-nl-dev-products-role",
            "data_type": "text",
            "description": "",
            "id": "movieshop-nl-dev-products-role",
            "key_id": "",
            "name": "movieshop-nl-dev-products-role",
            "overwrite": null,
            "tags": {},
            "tier": "Standard",
            "type": "String",
            "value": "arn:aws:iam::637423312381:role/movieshop-nl-dev-products-role",
            "version": 1
          },
          "private": "bnVsbA==",
          "dependencies": [
            "module.products.aws_iam_role.movieshop_products_role"
          ]
        }
      ]
    },
    {
      "module": "module.merchant_notifications",
      "mode": "managed",
      "type": "aws_ssm_parameter",
      "name": "movieshop_read_merchants_role",
      "provider": "provider.aws",
      "instances": [
        {
          "schema_version": 0,
          "attributes": {
            "allowed_pattern": "",
            "arn": "arn:aws:ssm:eu-central-1:637423312381:parameter/movieshop-nl-dev-movieshop-read-merchants-role",
            "data_type": "text",
            "description": "",
            "id": "movieshop-nl-dev-movieshop-read-merchants-role",
            "key_id": "",
            "name": "movieshop-nl-dev-movieshop-read-merchants-role",
            "overwrite": null,
            "tags": {},
            "tier": "Standard",
            "type": "String",
            "value": "arn:aws:iam::637423312381:role/movieshop-nl-dev-movieshop-read-merchants-role",
            "version": 1
          },
          "private": "bnVsbA==",
          "dependencies": [
            "module.merchant_notifications.aws_iam_role.movieshop_read_merchants_role"
          ]
        }
      ]
    },
    {
      "module": "module.merchantvisualproduction_notifications",
      "mode": "managed",
      "type": "aws_ssm_parameter",
      "name": "movieshop_read_merchantvisualproduction_role",
      "provider": "provider.aws",
      "instances": [
        {
          "schema_version": 0,
          "attributes": {
            "allowed_pattern": "",
            "arn": "arn:aws:ssm:eu-central-1:637423312381:parameter/movieshop-nl-dev-movieshop-read-merchantvisualproduction-role",
            "data_type": "text",
            "description": "",
            "id": "movieshop-nl-dev-movieshop-read-merchantvisualproduction-role",
            "key_id": "",
            "name": "movieshop-nl-dev-movieshop-read-merchantvisualproduction-role",
            "overwrite": null,
            "tags": {},
            "tier": "Standard",
            "type": "String",
            "value": "arn:aws:iam::637423312381:role/movieshop-nl-dev-movieshop-read-merchantvisualproduction-role",
            "version": 1
          },
          "private": "bnVsbA==",
          "dependencies": [
            "module.merchantvisualproduction_notifications.aws_iam_role.movieshop_read_merchantvisualproduction_role"
          ]
        }
      ]
    },
    {
      "module": "module.order_notifications",
      "mode": "managed",
      "type": "aws_ssm_parameter",
      "name": "movieshop_read_order_role",
      "provider": "provider.aws",
      "instances": [
        {
          "schema_version": 0,
          "attributes": {
            "allowed_pattern": "",
            "arn": "arn:aws:ssm:eu-central-1:637423312381:parameter/movieshop-nl-dev-movieshop-read-order-role",
            "data_type": "text",
            "description": "",
            "id": "movieshop-nl-dev-movieshop-read-order-role",
            "key_id": "",
            "name": "movieshop-nl-dev-movieshop-read-order-role",
            "overwrite": null,
            "tags": {},
            "tier": "Standard",
            "type": "String",
            "value": "arn:aws:iam::637423312381:role/movieshop-nl-dev-movieshop-read-order-role",
            "version": 1
          },
          "private": "bnVsbA==",
          "dependencies": [
            "module.order_notifications.aws_iam_role.movieshop_read_order_role"
          ]
        }
      ]
    },
    {
      "module": "module.useravaliation",
      "mode": "managed",
      "type": "aws_ssm_parameter",
      "name": "movieshop_useravaliation_role",
      "provider": "provider.aws",
      "instances": [
        {
          "schema_version": 0,
          "attributes": {
            "allowed_pattern": "",
            "arn": "arn:aws:ssm:eu-central-1:637423312381:parameter/movieshop-nl-dev-useravaliation-role",
            "data_type": "text",
            "description": "",
            "id": "movieshop-nl-dev-useravaliation-role",
            "key_id": "",
            "name": "movieshop-nl-dev-useravaliation-role",
            "overwrite": null,
            "tags": {},
            "tier": "Standard",
            "type": "String",
            "value": "arn:aws:iam::637423312381:role/movieshop-nl-dev-useravaliation-role",
            "version": 1
          },
          "private": "bnVsbA==",
          "dependencies": [
            "module.useravaliation.aws_iam_role.movieshop_useravaliation_role"
          ]
        }
      ]
    },
    {
      "module": "module.users",
      "mode": "managed",
      "type": "aws_ssm_parameter",
      "name": "movieshop_users_role",
      "provider": "provider.aws",
      "instances": [
        {
          "schema_version": 0,
          "attributes": {
            "allowed_pattern": "",
            "arn": "arn:aws:ssm:eu-central-1:637423312381:parameter/movieshop-nl-dev-users-role",
            "data_type": "text",
            "description": "",
            "id": "movieshop-nl-dev-users-role",
            "key_id": "",
            "name": "movieshop-nl-dev-users-role",
            "overwrite": null,
            "tags": {},
            "tier": "Standard",
            "type": "String",
            "value": "arn:aws:iam::637423312381:role/movieshop-nl-dev-users-role",
            "version": 1
          },
          "private": "bnVsbA==",
          "dependencies": [
            "module.users.aws_iam_role.movieshop_users_role"
          ]
        }
      ]
    },
    {
      "module": "module.visualproductions",
      "mode": "managed",
      "type": "aws_ssm_parameter",
      "name": "movieshop_visualproductions_role",
      "provider": "provider.aws",
      "instances": [
        {
          "schema_version": 0,
          "attributes": {
            "allowed_pattern": "",
            "arn": "arn:aws:ssm:eu-central-1:637423312381:parameter/movieshop-nl-dev-visualproductions-role",
            "data_type": "text",
            "description": "",
            "id": "movieshop-nl-dev-visualproductions-role",
            "key_id": "",
            "name": "movieshop-nl-dev-visualproductions-role",
            "overwrite": null,
            "tags": {},
            "tier": "Standard",
            "type": "String",
            "value": "arn:aws:iam::637423312381:role/movieshop-nl-dev-visualproductions-role",
            "version": 1
          },
          "private": "bnVsbA==",
          "dependencies": [
            "module.visualproductions.aws_iam_role.movieshop_visualproductions_role"
          ]
        }
      ]
    },
    {
      "module": "module.merchant_notifications",
      "mode": "managed",
      "type": "aws_ssm_parameter",
      "name": "sqs_movieshop-merchants_table",
      "provider": "provider.aws",
      "instances": [
        {
          "schema_version": 0,
          "attributes": {
            "allowed_pattern": "",
            "arn": "arn:aws:ssm:eu-central-1:637423312381:parameter/movieshop-nl-dev-movieshop-merchant-queue",
            "data_type": "text",
            "description": "",
            "id": "movieshop-nl-dev-movieshop-merchant-queue",
            "key_id": "",
            "name": "movieshop-nl-dev-movieshop-merchant-queue",
            "overwrite": null,
            "tags": {},
            "tier": "Standard",
            "type": "String",
            "value": "arn:aws:sqs:eu-central-1:637423312381:movieshop-nl-dev-merchant-queue",
            "version": 1
          },
          "private": "bnVsbA==",
          "dependencies": [
            "module.merchant_notifications.aws_sns_topic.movieshop_merchant_notifications",
            "module.merchant_notifications.aws_sqs_queue.movieshop_merchant_queue",
            "module.merchant_notifications.aws_sqs_queue.movieshop_merchant_queue_dlq"
          ]
        }
      ]
    },
    {
      "module": "module.merchantvisualproduction_notifications",
      "mode": "managed",
      "type": "aws_ssm_parameter",
      "name": "sqs_movieshop-merchantvisualproduction_table",
      "provider": "provider.aws",
      "instances": [
        {
          "schema_version": 0,
          "attributes": {
            "allowed_pattern": "",
            "arn": "arn:aws:ssm:eu-central-1:637423312381:parameter/movieshop-nl-dev-movieshop-merchantvisualproduction-queue",
            "data_type": "text",
            "description": "",
            "id": "movieshop-nl-dev-movieshop-merchantvisualproduction-queue",
            "key_id": "",
            "name": "movieshop-nl-dev-movieshop-merchantvisualproduction-queue",
            "overwrite": null,
            "tags": {},
            "tier": "Standard",
            "type": "String",
            "value": "arn:aws:sqs:eu-central-1:637423312381:movieshop-nl-dev-merchantvisualproduction-queue",
            "version": 1
          },
          "private": "bnVsbA==",
          "dependencies": [
            "module.merchantvisualproduction_notifications.aws_sns_topic.movieshop_merchantvisualproduction_notifications",
            "module.merchantvisualproduction_notifications.aws_sqs_queue.movieshop_merchantvisualproduction_queue",
            "module.merchantvisualproduction_notifications.aws_sqs_queue.movieshop_merchantvisualproduction_queue_dlq"
          ]
        }
      ]
    },
    {
      "module": "module.order_notifications",
      "mode": "managed",
      "type": "aws_ssm_parameter",
      "name": "sqs_movieshop-orders_table",
      "provider": "provider.aws",
      "instances": [
        {
          "schema_version": 0,
          "attributes": {
            "allowed_pattern": "",
            "arn": "arn:aws:ssm:eu-central-1:637423312381:parameter/movieshop-nl-dev-movieshop-orders-queue",
            "data_type": "text",
            "description": "",
            "id": "movieshop-nl-dev-movieshop-orders-queue",
            "key_id": "",
            "name": "movieshop-nl-dev-movieshop-orders-queue",
            "overwrite": null,
            "tags": {},
            "tier": "Standard",
            "type": "String",
            "value": "arn:aws:sqs:eu-central-1:637423312381:movieshop-nl-dev-orders-queue",
            "version": 1
          },
          "private": "bnVsbA==",
          "dependencies": [
            "module.order_notifications.aws_sns_topic.movieshop_order_notifications",
            "module.order_notifications.aws_sqs_queue.movieshop_orders_queue",
            "module.order_notifications.aws_sqs_queue.movieshop_orders_queue_dlq"
          ]
        }
      ]
    },
    {
      "module": "module.users",
      "mode": "managed",
      "type": "aws_ssm_parameter",
      "name": "template_email_change_password",
      "provider": "provider.aws",
      "instances": [
        {
          "schema_version": 0,
          "attributes": {
            "allowed_pattern": "",
            "arn": "arn:aws:ssm:eu-central-1:637423312381:parameter/movieshop-nl-dev-template-email-change-password",
            "data_type": "text",
            "description": "",
            "id": "movieshop-nl-dev-template-email-change-password",
            "key_id": "",
            "name": "movieshop-nl-dev-template-email-change-password",
            "overwrite": null,
            "tags": null,
            "tier": "Standard",
            "type": "String",
            "value": "movieshop_template_change_user_password_en",
            "version": 1
          },
          "private": "bnVsbA=="
        }
      ]
    },
    {
      "module": "module.merchants",
      "mode": "managed",
      "type": "aws_ssm_parameter",
      "name": "template_email_merchant_change_password",
      "provider": "provider.aws",
      "instances": [
        {
          "schema_version": 0,
          "attributes": {
            "allowed_pattern": "",
            "arn": "arn:aws:ssm:eu-central-1:637423312381:parameter/movieshop-nl-dev-template-email-merchant-change-password",
            "data_type": "text",
            "description": "",
            "id": "movieshop-nl-dev-template-email-merchant-change-password",
            "key_id": "",
            "name": "movieshop-nl-dev-template-email-merchant-change-password",
            "overwrite": null,
            "tags": {},
            "tier": "Standard",
            "type": "String",
            "value": "movieshop_template_change_merchant_password_en",
            "version": 1
          },
          "private": "bnVsbA=="
        }
      ]
    },
    {
      "module": "module.merchants",
      "mode": "managed",
      "type": "aws_ssm_parameter",
      "name": "template_email_merchant_new_password",
      "provider": "provider.aws",
      "instances": [
        {
          "schema_version": 0,
          "attributes": {
            "allowed_pattern": "",
            "arn": "arn:aws:ssm:eu-central-1:637423312381:parameter/movieshop-nl-dev-template-email-merchant-new-password",
            "data_type": "text",
            "description": "",
            "id": "movieshop-nl-dev-template-email-merchant-new-password",
            "key_id": "",
            "name": "movieshop-nl-dev-template-email-merchant-new-password",
            "overwrite": null,
            "tags": {},
            "tier": "Standard",
            "type": "String",
            "value": "movieshop_template_new_password_merchant",
            "version": 1
          },
          "private": "bnVsbA=="
        }
      ]
    },
    {
      "module": "module.users",
      "mode": "managed",
      "type": "aws_ssm_parameter",
      "name": "template_email_new_password",
      "provider": "provider.aws",
      "instances": [
        {
          "schema_version": 0,
          "attributes": {
            "allowed_pattern": "",
            "arn": "arn:aws:ssm:eu-central-1:637423312381:parameter/movieshop-nl-dev-template-email-new-password",
            "data_type": "text",
            "description": "",
            "id": "movieshop-nl-dev-template-email-new-password",
            "key_id": "",
            "name": "movieshop-nl-dev-template-email-new-password",
            "overwrite": null,
            "tags": null,
            "tier": "Standard",
            "type": "String",
            "value": "movieshop_template_new_password_user",
            "version": 1
          },
          "private": "bnVsbA=="
        }
      ]
    },
    {
      "module": "module.orders",
      "mode": "managed",
      "type": "aws_ssm_parameter",
      "name": "template_email_order_status_changed",
      "provider": "provider.aws",
      "instances": [
        {
          "schema_version": 0,
          "attributes": {
            "allowed_pattern": "",
            "arn": "arn:aws:ssm:eu-central-1:637423312381:parameter/movieshop-nl-dev-template-email-order-status-changed",
            "data_type": "text",
            "description": "",
            "id": "movieshop-nl-dev-template-email-order-status-changed",
            "key_id": "",
            "name": "movieshop-nl-dev-template-email-order-status-changed",
            "overwrite": null,
            "tags": null,
            "tier": "Standard",
            "type": "String",
            "value": "movieshop_template_new_order_status",
            "version": 1
          },
          "private": "bnVsbA=="
        }
      ]
    }
  ]
}
